
Microsoft Visual Studio Solution File, Format Version 12.00
# Visual Studio 14
VisualStudioVersion = 14.0.24720.0
MinimumVisualStudioVersion = 10.0.40219.1
Project("{FAE04EC0-301F-11D3-BF4B-00C04F79EFBC}") = "OKTR.AIO", "OKTR.AIO\OKTR.AIO.csproj", "{B5BB31C8-EA59-445C-BB2C-C63137BF90DD}"
EndProject
Project("{FAE04EC0-301F-11D3-BF4B-00C04F79EFBC}") = "OKTR.AIO.Ahri", "OKTR.AIO.Ahri\OKTR.AIO.Ahri.csproj", "{166AE8E3-6472-4FDB-84EA-79BBD0F49185}"
EndProject
Project("{FAE04EC0-301F-11D3-BF4B-00C04F79EFBC}") = "OKTR.AIO.Aatrox", "OKTR.AIO.Aatrox\OKTR.AIO.Aatrox.csproj", "{430B3A37-17A4-447E-959A-5F4D0C332EAC}"
EndProject
Project("{FAE04EC0-301F-11D3-BF4B-00C04F79EFBC}") = "OKTR.AIO.Akali", "OKTR.AIO.Akali\OKTR.AIO.Akali.csproj", "{FD65A9FE-5BB5-4926-A35A-1EDA4C796B53}"
EndProject
Project("{FAE04EC0-301F-11D3-BF4B-00C04F79EFBC}") = "OKTR.AIO.Alistar", "OKTR.AIO.Alistar\OKTR.AIO.Alistar.csproj", "{CA0DD15C-DF61-4F30-A290-D93FFFE0F4BC}"
EndProject
Project("{FAE04EC0-301F-11D3-BF4B-00C04F79EFBC}") = "OKTR.AIO.Amumu", "OKTR.AIO.Amumu\OKTR.AIO.Amumu.csproj", "{0A5C9960-AB11-4414-BA5D-2348E2EBE229}"
EndProject
Project("{FAE04EC0-301F-11D3-BF4B-00C04F79EFBC}") = "OKTR.AIO.Anivia", "OKTR.AIO.Anivia\OKTR.AIO.Anivia.csproj", "{27FA1D5C-3BC2-429E-9619-04704B0C3191}"
EndProject
Project("{FAE04EC0-301F-11D3-BF4B-00C04F79EFBC}") = "OKTR.AIO.Annie", "OKTR.AIO.Annie\OKTR.AIO.Annie.csproj", "{FDF56037-33D6-494F-9755-FE74B97360AA}"
EndProject
Project("{FAE04EC0-301F-11D3-BF4B-00C04F79EFBC}") = "OKTR.AIO.Ashe", "OKTR.AIO.Ashe\OKTR.AIO.Ashe.csproj", "{4C78C9F1-9269-4E96-844C-5322A42719D6}"
EndProject
Project("{FAE04EC0-301F-11D3-BF4B-00C04F79EFBC}") = "OKTR.AIO.Azir", "OKTR.AIO.Azir\OKTR.AIO.Azir.csproj", "{4999238A-4814-4EBF-A7F5-706878EE1D99}"
EndProject
Project("{FAE04EC0-301F-11D3-BF4B-00C04F79EFBC}") = "OKTR.AIO.Bard", "OKTR.AIO.Bard\OKTR.AIO.Bard.csproj", "{C0FDA1C0-946B-4376-9B30-D1AE4B57A70B}"
EndProject
Project("{FAE04EC0-301F-11D3-BF4B-00C04F79EFBC}") = "OKTR.AIO.Blitzcrank", "OKTR.AIO.Blitzcrank\OKTR.AIO.Blitzcrank.csproj", "{75314A15-A6B0-4201-8A82-7C2B394DF4E2}"
EndProject
Project("{FAE04EC0-301F-11D3-BF4B-00C04F79EFBC}") = "OKTR.AIO.Brand", "OKTR.AIO.Brand\OKTR.AIO.Brand.csproj", "{6F0A0FB0-E496-4694-9EA8-7768F2C2EC5F}"
EndProject
Project("{FAE04EC0-301F-11D3-BF4B-00C04F79EFBC}") = "OKTR.AIO.Braum", "OKTR.AIO.Braum\OKTR.AIO.Braum.csproj", "{47B1758F-5157-4504-89A1-28E9376972D8}"
EndProject
Project("{FAE04EC0-301F-11D3-BF4B-00C04F79EFBC}") = "OKTR.AIO.Caitlyn", "OKTR.AIO.Caitlyn\OKTR.AIO.Caitlyn.csproj", "{331CE090-9672-4512-A0BD-C61858ECBC71}"
EndProject
Project("{FAE04EC0-301F-11D3-BF4B-00C04F79EFBC}") = "OKTR.AIO.Cassiopeia", "OKTR.AIO.Cassiopeia\OKTR.AIO.Cassiopeia.csproj", "{B4FEC64A-8EB4-4669-B743-B053DCFF8DF1}"
EndProject
Project("{FAE04EC0-301F-11D3-BF4B-00C04F79EFBC}") = "OKTR.AIO.ChoGath", "OKTR.AIO.ChoGath\OKTR.AIO.ChoGath.csproj", "{826DDB08-5626-4ED5-B7E9-3A2D38BAFF9A}"
EndProject
Project("{FAE04EC0-301F-11D3-BF4B-00C04F79EFBC}") = "OKTR.AIO.Corki", "OKTR.AIO.Corki\OKTR.AIO.Corki.csproj", "{B7F9E099-3FE4-4AAE-8478-6AD5F061C9E2}"
EndProject
Project("{FAE04EC0-301F-11D3-BF4B-00C04F79EFBC}") = "OKTR.AIO.Darius", "OKTR.AIO.Darius\OKTR.AIO.Darius.csproj", "{91DF804F-1217-4746-B8D8-C60598B06775}"
EndProject
Project("{FAE04EC0-301F-11D3-BF4B-00C04F79EFBC}") = "OKTR.AIO.Diana", "OKTR.AIO.Diana\OKTR.AIO.Diana.csproj", "{24F2E7AC-9B01-43B1-8F6D-086E1133EED6}"
EndProject
Project("{FAE04EC0-301F-11D3-BF4B-00C04F79EFBC}") = "OKTR.AIO.DrMundo", "OKTR.AIO.DrMundo\OKTR.AIO.DrMundo.csproj", "{89FD6782-C57B-4F8F-BC26-4F0B8CBE8C16}"
EndProject
Project("{FAE04EC0-301F-11D3-BF4B-00C04F79EFBC}") = "OKTR.AIO.Draven", "OKTR.AIO.Draven\OKTR.AIO.Draven.csproj", "{00AB3B09-19CD-4176-A8F9-5D81AF835ED6}"
EndProject
Project("{FAE04EC0-301F-11D3-BF4B-00C04F79EFBC}") = "OKTR.AIO.Ekko", "OKTR.AIO.Ekko\OKTR.AIO.Ekko.csproj", "{99399F33-773C-418D-9042-53B5BC236E5C}"
EndProject
Project("{FAE04EC0-301F-11D3-BF4B-00C04F79EFBC}") = "OKTR.AIO.Elise", "OKTR.AIO.Elise\OKTR.AIO.Elise.csproj", "{4C1B0126-BA51-476E-B0BA-987B507DA4ED}"
EndProject
Project("{FAE04EC0-301F-11D3-BF4B-00C04F79EFBC}") = "OKTR.AIO.Evelynn", "OKTR.AIO.Evelynn\OKTR.AIO.Evelynn.csproj", "{933AC7D1-C909-4835-8CCA-7B63D6BD11A2}"
EndProject
Project("{FAE04EC0-301F-11D3-BF4B-00C04F79EFBC}") = "OKTR.AIO.Ezreal", "OKTR.AIO.Ezreal\OKTR.AIO.Ezreal.csproj", "{9259AB20-B7FD-489C-A976-C12678759936}"
EndProject
Project("{FAE04EC0-301F-11D3-BF4B-00C04F79EFBC}") = "OKTR.AIO.Fiddlesticks", "OKTR.AIO.Fiddlesticks\OKTR.AIO.Fiddlesticks.csproj", "{E46A84DB-12A0-4A18-BD37-7BBB3CF972AD}"
EndProject
Project("{FAE04EC0-301F-11D3-BF4B-00C04F79EFBC}") = "OKTR.AIO.Fiora", "OKTR.AIO.Fiora\OKTR.AIO.Fiora.csproj", "{34909FA9-8B79-4EC5-A0AD-4C8445DCDFA0}"
EndProject
Project("{FAE04EC0-301F-11D3-BF4B-00C04F79EFBC}") = "OKTR.AIO.Fizz", "OKTR.AIO.Fizz\OKTR.AIO.Fizz.csproj", "{61E1A0DD-72B2-4532-8F48-269E7097C223}"
EndProject
Project("{FAE04EC0-301F-11D3-BF4B-00C04F79EFBC}") = "OKTR.AIO.Galio", "OKTR.AIO.Galio\OKTR.AIO.Galio.csproj", "{BD301889-7561-4CFE-88EB-EFF15BEAC348}"
EndProject
Project("{FAE04EC0-301F-11D3-BF4B-00C04F79EFBC}") = "OKTR.AIO.Gangplank", "OKTR.AIO.Gangplank\OKTR.AIO.Gangplank.csproj", "{08A74709-435F-4FB9-8252-73EB504C3B01}"
EndProject
Project("{FAE04EC0-301F-11D3-BF4B-00C04F79EFBC}") = "OKTR.AIO.Garen", "OKTR.AIO.Garen\OKTR.AIO.Garen.csproj", "{96D67EBB-02F1-410E-BEBA-8BCBAC0EAEC6}"
EndProject
Project("{FAE04EC0-301F-11D3-BF4B-00C04F79EFBC}") = "OKTR.AIO.Gnar", "OKTR.AIO.Gnar\OKTR.AIO.Gnar.csproj", "{208AC6B2-C0FE-40E2-9409-39E4E1B01762}"
EndProject
Project("{FAE04EC0-301F-11D3-BF4B-00C04F79EFBC}") = "OKTR.AIO.Gragas", "OKTR.AIO.Gragas\OKTR.AIO.Gragas.csproj", "{F2104BB9-ECED-4437-AABE-2AF2C6183372}"
EndProject
Project("{FAE04EC0-301F-11D3-BF4B-00C04F79EFBC}") = "OKTR.AIO.Graves", "OKTR.AIO.Graves\OKTR.AIO.Graves.csproj", "{DAE4CB73-A1F2-4356-8187-475366F2D25C}"
EndProject
Project("{FAE04EC0-301F-11D3-BF4B-00C04F79EFBC}") = "OKTR.AIO.Hecarim", "OKTR.AIO.Hecarim\OKTR.AIO.Hecarim.csproj", "{4319ED50-CBC5-45BE-B4FE-3B161703408B}"
EndProject
Project("{FAE04EC0-301F-11D3-BF4B-00C04F79EFBC}") = "OKTR.AIO.Heimerdinger", "OKTR.AIO.Heimerdinger\OKTR.AIO.Heimerdinger.csproj", "{4DE293E7-48F2-40E8-A3F4-7D4B8F24F158}"
EndProject
Project("{FAE04EC0-301F-11D3-BF4B-00C04F79EFBC}") = "OKTR.AIO.Illaoi", "OKTR.AIO.Illaoi\OKTR.AIO.Illaoi.csproj", "{E30663BA-C5DA-4513-AAFE-1C86F9856E7E}"
EndProject
Project("{FAE04EC0-301F-11D3-BF4B-00C04F79EFBC}") = "OKTR.AIO.Irelia", "OKTR.AIO.Irelia\OKTR.AIO.Irelia.csproj", "{76C70208-636A-4A33-B7AA-B379224A4AE2}"
EndProject
Project("{FAE04EC0-301F-11D3-BF4B-00C04F79EFBC}") = "OKTR.AIO.Janna", "OKTR.AIO.Janna\OKTR.AIO.Janna.csproj", "{531B73A8-D0DF-4B7D-962B-BE9A1E29B4F6}"
EndProject
Project("{FAE04EC0-301F-11D3-BF4B-00C04F79EFBC}") = "OKTR.AIO.JarvanIV", "OKTR.AIO.JarvanIV\OKTR.AIO.JarvanIV.csproj", "{E4A056B5-A106-4533-B501-1B9CB35D84D1}"
EndProject
Project("{FAE04EC0-301F-11D3-BF4B-00C04F79EFBC}") = "OKTR.AIO.Jax", "OKTR.AIO.Jax\OKTR.AIO.Jax.csproj", "{2EDC5F1F-24E1-4E4A-8523-4118F1FA1122}"
EndProject
Project("{FAE04EC0-301F-11D3-BF4B-00C04F79EFBC}") = "OKTR.AIO.Jayce", "OKTR.AIO.Jayve\OKTR.AIO.Jayce.csproj", "{05118A65-49FD-40B2-BB6C-94871EB9017A}"
EndProject
Project("{FAE04EC0-301F-11D3-BF4B-00C04F79EFBC}") = "OKTR.AIO.Jhin", "OKTR.AIO.Jhin\OKTR.AIO.Jhin.csproj", "{5715BDA4-C17D-4F6D-9738-51CFB9222BFB}"
EndProject
Project("{FAE04EC0-301F-11D3-BF4B-00C04F79EFBC}") = "OKTR.AIO.Jinx", "OKTR.AIO.Jinx\OKTR.AIO.Jinx.csproj", "{695954F9-2A09-4838-A21E-A76A6B11F820}"
EndProject
Project("{FAE04EC0-301F-11D3-BF4B-00C04F79EFBC}") = "OKTR.AIO.Kalista", "OKTR.AIO.Kalista\OKTR.AIO.Kalista.csproj", "{216B6936-D73B-4C09-877A-490272ED0076}"
EndProject
Project("{FAE04EC0-301F-11D3-BF4B-00C04F79EFBC}") = "OKTR.AIO.Karma", "OKTR.AIO.Karma\OKTR.AIO.Karma.csproj", "{B8AC529A-FED9-4013-8A6B-5FDE5AC42430}"
EndProject
Project("{FAE04EC0-301F-11D3-BF4B-00C04F79EFBC}") = "OKTR.AIO.Karthus", "OKTR.AIO.Karthus\OKTR.AIO.Karthus.csproj", "{4CA08C4A-E12B-4059-895B-DAF3D51C1A5D}"
EndProject
Project("{FAE04EC0-301F-11D3-BF4B-00C04F79EFBC}") = "OKTR.AIO.Kassadin", "OKTR.AIO.Kassadin\OKTR.AIO.Kassadin.csproj", "{7A327A84-5B23-4A56-84E5-EAB5D005004C}"
EndProject
Project("{FAE04EC0-301F-11D3-BF4B-00C04F79EFBC}") = "OKTR.AIO.Katarina", "OKTR.AIO.Katarina\OKTR.AIO.Katarina.csproj", "{95E69CD8-9A80-4CF2-800F-DB3770E85070}"
EndProject
Project("{FAE04EC0-301F-11D3-BF4B-00C04F79EFBC}") = "OKTR.AIO.Kayle", "OKTR.AIO.Kayle\OKTR.AIO.Kayle.csproj", "{6113A383-B625-4A14-880F-D3EFED0EA993}"
EndProject
Project("{FAE04EC0-301F-11D3-BF4B-00C04F79EFBC}") = "OKTR.AIO.Kennen", "OKTR.AIO.Kennen\OKTR.AIO.Kennen.csproj", "{6277CE5A-604F-434F-82A1-BBB2EA15ED5F}"
EndProject
Project("{FAE04EC0-301F-11D3-BF4B-00C04F79EFBC}") = "OKTR.AIO.KhaZix", "OKTR.AIO.KhaZix\OKTR.AIO.KhaZix.csproj", "{33DB1504-7D41-4EBF-884C-65607A7BA9A7}"
EndProject
Project("{FAE04EC0-301F-11D3-BF4B-00C04F79EFBC}") = "OKTR.AIO.Kindred", "OKTR.AIO.Kindred\OKTR.AIO.Kindred.csproj", "{B745B04B-A0D5-4B94-958D-9454450150BD}"
EndProject
Project("{FAE04EC0-301F-11D3-BF4B-00C04F79EFBC}") = "OKTR.AIO.KogMaw", "OKTR.AIO.KogMaw\OKTR.AIO.KogMaw.csproj", "{6A05E1A8-2E5F-4C8D-9C67-E8801815D495}"
EndProject
Project("{FAE04EC0-301F-11D3-BF4B-00C04F79EFBC}") = "OKTR.AIO.LeBlanc", "OKTR.AIO.LeBlanc\OKTR.AIO.LeBlanc.csproj", "{8955C011-DCEB-467B-BB06-23F5738DF1B3}"
EndProject
Project("{FAE04EC0-301F-11D3-BF4B-00C04F79EFBC}") = "OKTR.AIO.LeeSin", "OKTR.AIO.LeeSin\OKTR.AIO.LeeSin.csproj", "{9FEDCE15-B5F7-417F-A82A-2A5AAD66FAFA}"
EndProject
Project("{FAE04EC0-301F-11D3-BF4B-00C04F79EFBC}") = "OKTR.AIO.Leona", "OKTR.AIO.Leona\OKTR.AIO.Leona.csproj", "{05318925-23A1-4E77-A345-D645E654FE33}"
EndProject
Project("{FAE04EC0-301F-11D3-BF4B-00C04F79EFBC}") = "OKTR.AIO.Lissandra", "OKTR.AIO.Lissandra\OKTR.AIO.Lissandra.csproj", "{FB0D3FA9-B97C-49CD-A44A-4AF5197FF4F3}"
EndProject
Project("{FAE04EC0-301F-11D3-BF4B-00C04F79EFBC}") = "OKTR.AIO.Lucian", "OKTR.AIO.Lucian\OKTR.AIO.Lucian.csproj", "{A986C800-1358-4837-AF50-35677121221D}"
EndProject
Project("{FAE04EC0-301F-11D3-BF4B-00C04F79EFBC}") = "OKTR.AIO.Lulu", "OKTR.AIO.Lulu\OKTR.AIO.Lulu.csproj", "{664F1906-CE00-44BE-AB13-2BD679DBEF45}"
EndProject
Project("{FAE04EC0-301F-11D3-BF4B-00C04F79EFBC}") = "OKTR.AIO.Lux", "OKTR.AIO.Lux\OKTR.AIO.Lux.csproj", "{6C5FC55D-A80A-41CA-9F6A-F5E5E89113A8}"
EndProject
Project("{FAE04EC0-301F-11D3-BF4B-00C04F79EFBC}") = "OKTR.AIO.Malphite", "OKTR.AIO.Malphite\OKTR.AIO.Malphite.csproj", "{3977B9D0-0DDD-40C2-8DEC-4371023B2E8B}"
EndProject
Project("{FAE04EC0-301F-11D3-BF4B-00C04F79EFBC}") = "OKTR.AIO.Malzahar", "OKTR.AIO.Malzahar\OKTR.AIO.Malzahar.csproj", "{1BA12115-30E3-4014-BDA6-6951EE364E36}"
EndProject
Project("{FAE04EC0-301F-11D3-BF4B-00C04F79EFBC}") = "OKTR.AIO.Maokai", "OKTR.AIO.Maokai\OKTR.AIO.Maokai.csproj", "{65574D67-DF06-4EAF-AAF9-1C89DFFBFB6A}"
EndProject
Project("{FAE04EC0-301F-11D3-BF4B-00C04F79EFBC}") = "OKTR.AIO.MasterYi", "OKTR.AIO.MasterYi\OKTR.AIO.MasterYi.csproj", "{6249082A-B8C6-4C00-A20A-A379499838C7}"
EndProject
Project("{FAE04EC0-301F-11D3-BF4B-00C04F79EFBC}") = "OKTR.AIO.MissFortune", "OKTR.AIO.MissFortune\OKTR.AIO.MissFortune.csproj", "{C7986E6F-AB24-476E-AB00-372C090300A8}"
EndProject
Project("{FAE04EC0-301F-11D3-BF4B-00C04F79EFBC}") = "OKTR.AIO.Mordekaiser", "OKTR.AIO.Mordekaiser\OKTR.AIO.Mordekaiser.csproj", "{E890486A-720C-4D12-8FE8-AA623B274E5B}"
EndProject
Project("{FAE04EC0-301F-11D3-BF4B-00C04F79EFBC}") = "OKTR.AIO.Morgana", "OKTR.AIO.Morgana\OKTR.AIO.Morgana.csproj", "{2D7A1136-9122-4F01-A424-24CC696ADC08}"
EndProject
Project("{FAE04EC0-301F-11D3-BF4B-00C04F79EFBC}") = "OKTR.AIO.Nami", "OKTR.AIO.Nami\OKTR.AIO.Nami.csproj", "{34140C03-BAB3-427E-9BCE-75D9DB6F2677}"
EndProject
Project("{FAE04EC0-301F-11D3-BF4B-00C04F79EFBC}") = "OKTR.AIO.Nasus", "OKTR.AIO.Nasus\OKTR.AIO.Nasus.csproj", "{8D5E2CF6-3F8D-4853-83CA-0C2A04625DEE}"
EndProject
Project("{FAE04EC0-301F-11D3-BF4B-00C04F79EFBC}") = "OKTR.AIO.Nautilus", "OKTR.AIO.Nautilus\OKTR.AIO.Nautilus.csproj", "{B09291A1-230F-44D1-9EEE-7E7775E8AE82}"
EndProject
Project("{FAE04EC0-301F-11D3-BF4B-00C04F79EFBC}") = "OKTR.AIO.MonkeyKing", "OKTR.AIO.MonkeyKing\OKTR.AIO.MonkeyKing.csproj", "{E43C0A09-D13A-4A68-800A-710D3DE22B81}"
EndProject
Project("{FAE04EC0-301F-11D3-BF4B-00C04F79EFBC}") = "OKTR.AIO.Nidalee", "OKTR.AIO.Nidalee\OKTR.AIO.Nidalee.csproj", "{A75A60F6-B194-4AD1-8413-E8381223EE77}"
EndProject
Project("{FAE04EC0-301F-11D3-BF4B-00C04F79EFBC}") = "OKTR.AIO.Nocturne", "OKTR.AIO.Nocturne\OKTR.AIO.Nocturne.csproj", "{0D1DE9BF-1195-4E2B-9F81-513033128F36}"
EndProject
Project("{FAE04EC0-301F-11D3-BF4B-00C04F79EFBC}") = "OKTR.AIO.Nunu", "OKTR.AIO.Nunu\OKTR.AIO.Nunu.csproj", "{6A3C4A0C-AA31-464B-9574-2EBAE3D0F38D}"
EndProject
Project("{FAE04EC0-301F-11D3-BF4B-00C04F79EFBC}") = "OKTR.AIO.Olaf", "OKTR.AIO.Olaf\OKTR.AIO.Olaf.csproj", "{6C00917E-8A43-4C07-AD2F-685759ED08C9}"
EndProject
Project("{FAE04EC0-301F-11D3-BF4B-00C04F79EFBC}") = "OKTR.AIO.Orianna", "OKTR.AIO.Orianna\OKTR.AIO.Orianna.csproj", "{DA978B73-3D41-45EF-A2D9-EE98AFE4F30B}"
EndProject
Project("{FAE04EC0-301F-11D3-BF4B-00C04F79EFBC}") = "OKTR.AIO.Pantheon", "OKTR.AIO.Pantheon\OKTR.AIO.Pantheon.csproj", "{57FC7187-FA38-4853-A900-C78B8259A871}"
EndProject
Project("{FAE04EC0-301F-11D3-BF4B-00C04F79EFBC}") = "OKTR.AIO.Poppy", "OKTR.AIO.Poppy\OKTR.AIO.Poppy.csproj", "{7C47687B-A2BE-4024-8472-31316B181BA6}"
EndProject
Project("{FAE04EC0-301F-11D3-BF4B-00C04F79EFBC}") = "OKTR.AIO.Quinn", "OKTR.AIO.Quinn\OKTR.AIO.Quinn.csproj", "{59E6CDA6-95A8-4A38-B3D4-AF83C66F650B}"
EndProject
Project("{FAE04EC0-301F-11D3-BF4B-00C04F79EFBC}") = "OKTR.AIO.RekSai", "OKTR.AIO.RekSai\OKTR.AIO.RekSai.csproj", "{2628FF7C-BEB0-407C-AA7B-77BC09B1B587}"
EndProject
Project("{FAE04EC0-301F-11D3-BF4B-00C04F79EFBC}") = "OKTR.AIO.Renekton", "OKTR.AIO.Renekton\OKTR.AIO.Renekton.csproj", "{D99083F3-5FB3-42F0-81B7-8DA976DF30F3}"
EndProject
Project("{FAE04EC0-301F-11D3-BF4B-00C04F79EFBC}") = "OKTR.AIO.Rengar", "OKTR.AIO.Rengar\OKTR.AIO.Rengar.csproj", "{81BF96E8-7BE0-4A4A-A1F1-F95B944B5D0D}"
EndProject
Project("{FAE04EC0-301F-11D3-BF4B-00C04F79EFBC}") = "OKTR.AIO.Riven", "OKTR.AIO.Riven\OKTR.AIO.Riven.csproj", "{D9D7C662-D35F-499D-AD1F-F3113B36304B}"
EndProject
Project("{FAE04EC0-301F-11D3-BF4B-00C04F79EFBC}") = "OKTR.AIO.Rumble", "OKTR.AIO.Rumble\OKTR.AIO.Rumble.csproj", "{7BABA7E6-710C-469C-AF55-0AC61EB8E735}"
EndProject
Project("{FAE04EC0-301F-11D3-BF4B-00C04F79EFBC}") = "OKTR.AIO.Ryze", "OKTR.AIO.Ryze\OKTR.AIO.Ryze.csproj", "{7C3FB78B-A3DC-4A65-80CA-F14E76140DB1}"
EndProject
Project("{FAE04EC0-301F-11D3-BF4B-00C04F79EFBC}") = "OKTR.AIO.Sejuani", "OKTR.AIO.Sejuani\OKTR.AIO.Sejuani.csproj", "{551A70F8-43E0-4F25-8E44-93799161B1F5}"
EndProject
Project("{FAE04EC0-301F-11D3-BF4B-00C04F79EFBC}") = "OKTR.AIO.Shaco", "OKTR.AIO.Shaco\OKTR.AIO.Shaco.csproj", "{251F0418-D475-4DE9-9C9E-2E3E107021CF}"
EndProject
Project("{FAE04EC0-301F-11D3-BF4B-00C04F79EFBC}") = "OKTR.AIO.Shen", "OKTR.AIO.Shen\OKTR.AIO.Shen.csproj", "{1CE97F32-71BE-44D5-8828-8E6C31480BF9}"
EndProject
Project("{FAE04EC0-301F-11D3-BF4B-00C04F79EFBC}") = "OKTR.AIO.Shyvana", "OKTR.AIO.Shyvana\OKTR.AIO.Shyvana.csproj", "{AD4FA7AC-772D-43DF-9FBD-7AEA6CEA3EDB}"
EndProject
Project("{FAE04EC0-301F-11D3-BF4B-00C04F79EFBC}") = "OKTR.AIO.Singed", "OKTR.AIO.Singed\OKTR.AIO.Singed.csproj", "{9D9829B9-35A2-4C76-AB61-2DE4599A6B51}"
EndProject
Project("{FAE04EC0-301F-11D3-BF4B-00C04F79EFBC}") = "OKTR.AIO.Sion", "OKTR.AIO.Sion\OKTR.AIO.Sion.csproj", "{2F6AB231-84CC-4634-AF4F-8B2DBBCC37EF}"
EndProject
Project("{FAE04EC0-301F-11D3-BF4B-00C04F79EFBC}") = "OKTR.AIO.Sivir", "OKTR.AIO.Sivir\OKTR.AIO.Sivir.csproj", "{E172264C-7EFF-4393-839C-D0527B1334F3}"
EndProject
Project("{FAE04EC0-301F-11D3-BF4B-00C04F79EFBC}") = "OKTR.AIO.Skarner", "OKTR.AIO.Skarner\OKTR.AIO.Skarner.csproj", "{039FDF30-880F-47AF-B09B-CB3D7A8FC879}"
EndProject
Project("{FAE04EC0-301F-11D3-BF4B-00C04F79EFBC}") = "OKTR.AIO.Sona", "OKTR.AIO.Sona\OKTR.AIO.Sona.csproj", "{D4FD77DC-6C60-4DCA-87DC-B8A532B1AE37}"
EndProject
Project("{FAE04EC0-301F-11D3-BF4B-00C04F79EFBC}") = "OKTR.AIO.Soraka", "OKTR.AIO.Soraka\OKTR.AIO.Soraka.csproj", "{A8C0F1E4-4F0F-4FF0-A53F-C3B736FCAC48}"
EndProject
Project("{FAE04EC0-301F-11D3-BF4B-00C04F79EFBC}") = "OKTR.AIO.Swain", "OKTR.AIO.Swain\OKTR.AIO.Swain.csproj", "{D964B6A0-81D2-448D-8008-ACFCCB7DB171}"
EndProject
Project("{FAE04EC0-301F-11D3-BF4B-00C04F79EFBC}") = "OKTR.AIO.Syndra", "OKTR.AIO.Syndra\OKTR.AIO.Syndra.csproj", "{F6FA1335-3AA0-4568-B1E3-143D40141EFF}"
EndProject
Project("{FAE04EC0-301F-11D3-BF4B-00C04F79EFBC}") = "OKTR.AIO.TahmKench", "OKTR.AIO.TahmKench\OKTR.AIO.TahmKench.csproj", "{83FD2ADF-9636-4D51-856A-E367ED6E71E8}"
EndProject
Project("{FAE04EC0-301F-11D3-BF4B-00C04F79EFBC}") = "OKTR.AIO.Talon", "OKTR.AIO.Talon\OKTR.AIO.Talon.csproj", "{DF2114FF-6B78-4B5B-87AD-125E73F4412F}"
EndProject
Project("{FAE04EC0-301F-11D3-BF4B-00C04F79EFBC}") = "OKTR.AIO.Taric", "OKTR.AIO.Taric\OKTR.AIO.Taric.csproj", "{7520C0B4-699D-4859-9FAD-36A00E85873F}"
EndProject
Project("{FAE04EC0-301F-11D3-BF4B-00C04F79EFBC}") = "OKTR.AIO.Teemo", "OKTR.AIO.Teemo\OKTR.AIO.Teemo.csproj", "{79E550FF-F547-44A8-BDAC-3D27028C30C3}"
EndProject
Project("{FAE04EC0-301F-11D3-BF4B-00C04F79EFBC}") = "OKTR.AIO.Thresh", "OKTR.AIO.Thresh\OKTR.AIO.Thresh.csproj", "{11B150A4-F8B0-4F8F-A4E5-71EC4A9BABC1}"
EndProject
Project("{FAE04EC0-301F-11D3-BF4B-00C04F79EFBC}") = "OKTR.AIO.Tristana", "OKTR.AIO.Tristana\OKTR.AIO.Tristana.csproj", "{A8AF8E2A-63F5-4A94-A252-B5E828BEB1C8}"
EndProject
Project("{FAE04EC0-301F-11D3-BF4B-00C04F79EFBC}") = "OKTR.AIO.Trundle", "OKTR.AIO.Trundle\OKTR.AIO.Trundle.csproj", "{8E60AA39-6A5B-4F27-B237-5A9AC2D22445}"
EndProject
Project("{FAE04EC0-301F-11D3-BF4B-00C04F79EFBC}") = "OKTR.AIO.Tryndamere", "OKTR.AIO.Tryndamere\OKTR.AIO.Tryndamere.csproj", "{43E53BAD-C614-40DC-B978-8DAFF7F212EE}"
EndProject
Project("{FAE04EC0-301F-11D3-BF4B-00C04F79EFBC}") = "OKTR.AIO.TwistedFate", "OKTR.AIO.TwistedFate\OKTR.AIO.TwistedFate.csproj", "{88CAD6C0-DA67-4E13-B955-3D1EB80A612D}"
EndProject
Project("{FAE04EC0-301F-11D3-BF4B-00C04F79EFBC}") = "OKTR.AIO.Twitch", "OKTR.AIO.Twitch\OKTR.AIO.Twitch.csproj", "{711E0BAC-1FB9-46B3-8F51-73BEABD7BE9C}"
EndProject
Project("{FAE04EC0-301F-11D3-BF4B-00C04F79EFBC}") = "OKTR.AIO.Udyr", "OKTR.AIO.Udyr\OKTR.AIO.Udyr.csproj", "{DF8747DB-932A-4383-9B5C-F56F06D29702}"
EndProject
Project("{FAE04EC0-301F-11D3-BF4B-00C04F79EFBC}") = "OKTR.AIO.Urgot", "OKTR.AIO.Urgot\OKTR.AIO.Urgot.csproj", "{36C6B352-92D2-45CA-81C0-DC3D8849BDDA}"
EndProject
Project("{FAE04EC0-301F-11D3-BF4B-00C04F79EFBC}") = "OKTR.AIO.Varus", "OKTR.AIO.Varus\OKTR.AIO.Varus.csproj", "{5A751991-55E4-4311-8CF3-BA67D6BB4376}"
EndProject
Project("{FAE04EC0-301F-11D3-BF4B-00C04F79EFBC}") = "OKTR.AIO.Vayne", "OKTR.AIO.Vayne\OKTR.AIO.Vayne.csproj", "{5963FF2E-5508-41B2-8B62-712C9C56D31C}"
EndProject
Project("{FAE04EC0-301F-11D3-BF4B-00C04F79EFBC}") = "OKTR.AIO.Veigar", "OKTR.AIO.Veigar\OKTR.AIO.Veigar.csproj", "{5A3B92DF-D75F-4372-8D2D-A27BC2D4192E}"
EndProject
Project("{FAE04EC0-301F-11D3-BF4B-00C04F79EFBC}") = "OKTR.AIO.VelKoz", "OKTR.AIO.VelKoz\OKTR.AIO.VelKoz.csproj", "{345B21F2-9111-48BE-88FB-F2B2E24A8496}"
EndProject
Project("{FAE04EC0-301F-11D3-BF4B-00C04F79EFBC}") = "OKTR.AIO.Vi", "OKTR.AIO.Vi\OKTR.AIO.Vi.csproj", "{B0DAA74B-11E3-4BD1-BC8D-5A06B34F1844}"
EndProject
Project("{FAE04EC0-301F-11D3-BF4B-00C04F79EFBC}") = "OKTR.AIO.Viktor", "OKTR.AIO.Viktor\OKTR.AIO.Viktor.csproj", "{7E0C1595-9F70-460C-A68F-AF71DA1F90B6}"
EndProject
Project("{FAE04EC0-301F-11D3-BF4B-00C04F79EFBC}") = "OKTR.AIO.Vladimir", "OKTR.AIO.Vladimir\OKTR.AIO.Vladimir.csproj", "{D9F74BFE-28B5-4BAA-B30D-FB30F129CA1D}"
EndProject
Project("{FAE04EC0-301F-11D3-BF4B-00C04F79EFBC}") = "OKTR.AIO.Volibear", "OKTR.AIO.Volibear\OKTR.AIO.Volibear.csproj", "{304BB045-46F9-47A6-8308-F4807C6CF73A}"
EndProject
Project("{FAE04EC0-301F-11D3-BF4B-00C04F79EFBC}") = "OKTR.AIO.Warwick", "OKTR.AIO.Warwick\OKTR.AIO.Warwick.csproj", "{A9D65D19-4E2C-41C9-9D98-F10A689CB21F}"
EndProject
Project("{FAE04EC0-301F-11D3-BF4B-00C04F79EFBC}") = "OKTR.AIO.Xerath", "OKTR.AIO.Xerath\OKTR.AIO.Xerath.csproj", "{0B183006-CA5A-4ED7-A7CB-CD48C8079766}"
EndProject
Project("{FAE04EC0-301F-11D3-BF4B-00C04F79EFBC}") = "OKTR.AIO.XinZhao", "OKTR.AIO.XinZhao\OKTR.AIO.XinZhao.csproj", "{452ABF74-4AD2-44A9-85DB-B3C3600723BE}"
EndProject
Project("{FAE04EC0-301F-11D3-BF4B-00C04F79EFBC}") = "OKTR.AIO.Yasuo", "OKTR.AIO.Yasuo\OKTR.AIO.Yasuo.csproj", "{CA3AEDFD-EC7C-4E78-8C58-AD1DD0C3F97A}"
EndProject
Project("{FAE04EC0-301F-11D3-BF4B-00C04F79EFBC}") = "OKTR.AIO.Yorick", "OKTR.AIO.Yorick\OKTR.AIO.Yorick.csproj", "{8AA3B6F3-AC15-4049-8F2F-BD2758509D27}"
EndProject
Project("{FAE04EC0-301F-11D3-BF4B-00C04F79EFBC}") = "OKTR.AIO.Zac", "OKTR.AIO.Zac\OKTR.AIO.Zac.csproj", "{7E0729B6-163E-4267-A854-8EF1FC99A82D}"
EndProject
Project("{FAE04EC0-301F-11D3-BF4B-00C04F79EFBC}") = "OKTR.AIO.Zed", "OKTR.AIO.Zed\OKTR.AIO.Zed.csproj", "{4A42858A-E998-4C86-AA07-B0EC10EB398A}"
EndProject
Project("{FAE04EC0-301F-11D3-BF4B-00C04F79EFBC}") = "OKTR.AIO.Ziggs", "OKTR.AIO.Ziggs\OKTR.AIO.Ziggs.csproj", "{B511B475-3146-4C89-A1FF-69CF5B226269}"
EndProject
Project("{FAE04EC0-301F-11D3-BF4B-00C04F79EFBC}") = "OKTR.AIO.Zilean", "OKTR.AIO.Zilean\OKTR.AIO.Zilean.csproj", "{1CA31BC5-2B10-4457-BA94-021C65BC1528}"
EndProject
Project("{FAE04EC0-301F-11D3-BF4B-00C04F79EFBC}") = "OKTR.AIO.Zyra", "OKTR.AIO.Zyra\OKTR.AIO.Zyra.csproj", "{6FA42718-8B00-45F5-B647-223ED6B493EF}"
EndProject
Project("{FAE04EC0-301F-11D3-BF4B-00C04F79EFBC}") = "OKTR.Plugin", "OKTR.Plugin\OKTR.Plugin.csproj", "{29180A6D-A2CD-4620-9A58-1CAD06B1F02C}"
EndProject
Project("{2150E333-8FDC-42A3-9474-1A3956D46DE8}") = "Champions", "Champions", "{A5275F49-9967-4558-96C2-3BB7424B8F80}"
EndProject
Global
	GlobalSection(SolutionConfigurationPlatforms) = preSolution
		Debug|Any CPU = Debug|Any CPU
		Release|Any CPU = Release|Any CPU
	EndGlobalSection
	GlobalSection(ProjectConfigurationPlatforms) = postSolution
		{B5BB31C8-EA59-445C-BB2C-C63137BF90DD}.Debug|Any CPU.ActiveCfg = Debug|Any CPU
		{B5BB31C8-EA59-445C-BB2C-C63137BF90DD}.Debug|Any CPU.Build.0 = Debug|Any CPU
		{B5BB31C8-EA59-445C-BB2C-C63137BF90DD}.Release|Any CPU.ActiveCfg = Release|Any CPU
		{B5BB31C8-EA59-445C-BB2C-C63137BF90DD}.Release|Any CPU.Build.0 = Release|Any CPU
		{166AE8E3-6472-4FDB-84EA-79BBD0F49185}.Debug|Any CPU.ActiveCfg = Debug|Any CPU
		{166AE8E3-6472-4FDB-84EA-79BBD0F49185}.Debug|Any CPU.Build.0 = Debug|Any CPU
		{166AE8E3-6472-4FDB-84EA-79BBD0F49185}.Release|Any CPU.ActiveCfg = Release|Any CPU
		{166AE8E3-6472-4FDB-84EA-79BBD0F49185}.Release|Any CPU.Build.0 = Release|Any CPU
		{430B3A37-17A4-447E-959A-5F4D0C332EAC}.Debug|Any CPU.ActiveCfg = Debug|Any CPU
		{430B3A37-17A4-447E-959A-5F4D0C332EAC}.Debug|Any CPU.Build.0 = Debug|Any CPU
		{430B3A37-17A4-447E-959A-5F4D0C332EAC}.Release|Any CPU.ActiveCfg = Release|Any CPU
		{430B3A37-17A4-447E-959A-5F4D0C332EAC}.Release|Any CPU.Build.0 = Release|Any CPU
		{FD65A9FE-5BB5-4926-A35A-1EDA4C796B53}.Debug|Any CPU.ActiveCfg = Debug|Any CPU
		{FD65A9FE-5BB5-4926-A35A-1EDA4C796B53}.Debug|Any CPU.Build.0 = Debug|Any CPU
		{FD65A9FE-5BB5-4926-A35A-1EDA4C796B53}.Release|Any CPU.ActiveCfg = Release|Any CPU
		{FD65A9FE-5BB5-4926-A35A-1EDA4C796B53}.Release|Any CPU.Build.0 = Release|Any CPU
		{CA0DD15C-DF61-4F30-A290-D93FFFE0F4BC}.Debug|Any CPU.ActiveCfg = Debug|Any CPU
		{CA0DD15C-DF61-4F30-A290-D93FFFE0F4BC}.Debug|Any CPU.Build.0 = Debug|Any CPU
		{CA0DD15C-DF61-4F30-A290-D93FFFE0F4BC}.Release|Any CPU.ActiveCfg = Release|Any CPU
		{CA0DD15C-DF61-4F30-A290-D93FFFE0F4BC}.Release|Any CPU.Build.0 = Release|Any CPU
		{0A5C9960-AB11-4414-BA5D-2348E2EBE229}.Debug|Any CPU.ActiveCfg = Debug|Any CPU
		{0A5C9960-AB11-4414-BA5D-2348E2EBE229}.Debug|Any CPU.Build.0 = Debug|Any CPU
		{0A5C9960-AB11-4414-BA5D-2348E2EBE229}.Release|Any CPU.ActiveCfg = Release|Any CPU
		{0A5C9960-AB11-4414-BA5D-2348E2EBE229}.Release|Any CPU.Build.0 = Release|Any CPU
		{27FA1D5C-3BC2-429E-9619-04704B0C3191}.Debug|Any CPU.ActiveCfg = Debug|Any CPU
		{27FA1D5C-3BC2-429E-9619-04704B0C3191}.Debug|Any CPU.Build.0 = Debug|Any CPU
		{27FA1D5C-3BC2-429E-9619-04704B0C3191}.Release|Any CPU.ActiveCfg = Release|Any CPU
		{27FA1D5C-3BC2-429E-9619-04704B0C3191}.Release|Any CPU.Build.0 = Release|Any CPU
		{FDF56037-33D6-494F-9755-FE74B97360AA}.Debug|Any CPU.ActiveCfg = Debug|Any CPU
		{FDF56037-33D6-494F-9755-FE74B97360AA}.Debug|Any CPU.Build.0 = Debug|Any CPU
		{FDF56037-33D6-494F-9755-FE74B97360AA}.Release|Any CPU.ActiveCfg = Release|Any CPU
		{FDF56037-33D6-494F-9755-FE74B97360AA}.Release|Any CPU.Build.0 = Release|Any CPU
		{4C78C9F1-9269-4E96-844C-5322A42719D6}.Debug|Any CPU.ActiveCfg = Debug|Any CPU
		{4C78C9F1-9269-4E96-844C-5322A42719D6}.Debug|Any CPU.Build.0 = Debug|Any CPU
		{4C78C9F1-9269-4E96-844C-5322A42719D6}.Release|Any CPU.ActiveCfg = Release|Any CPU
		{4C78C9F1-9269-4E96-844C-5322A42719D6}.Release|Any CPU.Build.0 = Release|Any CPU
		{4999238A-4814-4EBF-A7F5-706878EE1D99}.Debug|Any CPU.ActiveCfg = Debug|Any CPU
		{4999238A-4814-4EBF-A7F5-706878EE1D99}.Debug|Any CPU.Build.0 = Debug|Any CPU
		{4999238A-4814-4EBF-A7F5-706878EE1D99}.Release|Any CPU.ActiveCfg = Release|Any CPU
		{4999238A-4814-4EBF-A7F5-706878EE1D99}.Release|Any CPU.Build.0 = Release|Any CPU
		{C0FDA1C0-946B-4376-9B30-D1AE4B57A70B}.Debug|Any CPU.ActiveCfg = Debug|Any CPU
		{C0FDA1C0-946B-4376-9B30-D1AE4B57A70B}.Debug|Any CPU.Build.0 = Debug|Any CPU
		{C0FDA1C0-946B-4376-9B30-D1AE4B57A70B}.Release|Any CPU.ActiveCfg = Release|Any CPU
		{C0FDA1C0-946B-4376-9B30-D1AE4B57A70B}.Release|Any CPU.Build.0 = Release|Any CPU
		{75314A15-A6B0-4201-8A82-7C2B394DF4E2}.Debug|Any CPU.ActiveCfg = Debug|Any CPU
		{75314A15-A6B0-4201-8A82-7C2B394DF4E2}.Debug|Any CPU.Build.0 = Debug|Any CPU
		{75314A15-A6B0-4201-8A82-7C2B394DF4E2}.Release|Any CPU.ActiveCfg = Release|Any CPU
		{75314A15-A6B0-4201-8A82-7C2B394DF4E2}.Release|Any CPU.Build.0 = Release|Any CPU
		{6F0A0FB0-E496-4694-9EA8-7768F2C2EC5F}.Debug|Any CPU.ActiveCfg = Debug|Any CPU
		{6F0A0FB0-E496-4694-9EA8-7768F2C2EC5F}.Debug|Any CPU.Build.0 = Debug|Any CPU
		{6F0A0FB0-E496-4694-9EA8-7768F2C2EC5F}.Release|Any CPU.ActiveCfg = Release|Any CPU
		{6F0A0FB0-E496-4694-9EA8-7768F2C2EC5F}.Release|Any CPU.Build.0 = Release|Any CPU
		{47B1758F-5157-4504-89A1-28E9376972D8}.Debug|Any CPU.ActiveCfg = Debug|Any CPU
		{47B1758F-5157-4504-89A1-28E9376972D8}.Debug|Any CPU.Build.0 = Debug|Any CPU
		{47B1758F-5157-4504-89A1-28E9376972D8}.Release|Any CPU.ActiveCfg = Release|Any CPU
		{47B1758F-5157-4504-89A1-28E9376972D8}.Release|Any CPU.Build.0 = Release|Any CPU
		{331CE090-9672-4512-A0BD-C61858ECBC71}.Debug|Any CPU.ActiveCfg = Debug|Any CPU
		{331CE090-9672-4512-A0BD-C61858ECBC71}.Debug|Any CPU.Build.0 = Debug|Any CPU
		{331CE090-9672-4512-A0BD-C61858ECBC71}.Release|Any CPU.ActiveCfg = Release|Any CPU
		{331CE090-9672-4512-A0BD-C61858ECBC71}.Release|Any CPU.Build.0 = Release|Any CPU
		{B4FEC64A-8EB4-4669-B743-B053DCFF8DF1}.Debug|Any CPU.ActiveCfg = Debug|Any CPU
		{B4FEC64A-8EB4-4669-B743-B053DCFF8DF1}.Debug|Any CPU.Build.0 = Debug|Any CPU
		{B4FEC64A-8EB4-4669-B743-B053DCFF8DF1}.Release|Any CPU.ActiveCfg = Release|Any CPU
		{B4FEC64A-8EB4-4669-B743-B053DCFF8DF1}.Release|Any CPU.Build.0 = Release|Any CPU
		{826DDB08-5626-4ED5-B7E9-3A2D38BAFF9A}.Debug|Any CPU.ActiveCfg = Debug|Any CPU
		{826DDB08-5626-4ED5-B7E9-3A2D38BAFF9A}.Debug|Any CPU.Build.0 = Debug|Any CPU
		{826DDB08-5626-4ED5-B7E9-3A2D38BAFF9A}.Release|Any CPU.ActiveCfg = Release|Any CPU
		{826DDB08-5626-4ED5-B7E9-3A2D38BAFF9A}.Release|Any CPU.Build.0 = Release|Any CPU
		{B7F9E099-3FE4-4AAE-8478-6AD5F061C9E2}.Debug|Any CPU.ActiveCfg = Debug|Any CPU
		{B7F9E099-3FE4-4AAE-8478-6AD5F061C9E2}.Debug|Any CPU.Build.0 = Debug|Any CPU
		{B7F9E099-3FE4-4AAE-8478-6AD5F061C9E2}.Release|Any CPU.ActiveCfg = Release|Any CPU
		{B7F9E099-3FE4-4AAE-8478-6AD5F061C9E2}.Release|Any CPU.Build.0 = Release|Any CPU
		{91DF804F-1217-4746-B8D8-C60598B06775}.Debug|Any CPU.ActiveCfg = Debug|Any CPU
		{91DF804F-1217-4746-B8D8-C60598B06775}.Debug|Any CPU.Build.0 = Debug|Any CPU
		{91DF804F-1217-4746-B8D8-C60598B06775}.Release|Any CPU.ActiveCfg = Release|Any CPU
		{91DF804F-1217-4746-B8D8-C60598B06775}.Release|Any CPU.Build.0 = Release|Any CPU
		{24F2E7AC-9B01-43B1-8F6D-086E1133EED6}.Debug|Any CPU.ActiveCfg = Debug|Any CPU
		{24F2E7AC-9B01-43B1-8F6D-086E1133EED6}.Debug|Any CPU.Build.0 = Debug|Any CPU
		{24F2E7AC-9B01-43B1-8F6D-086E1133EED6}.Release|Any CPU.ActiveCfg = Release|Any CPU
		{24F2E7AC-9B01-43B1-8F6D-086E1133EED6}.Release|Any CPU.Build.0 = Release|Any CPU
		{89FD6782-C57B-4F8F-BC26-4F0B8CBE8C16}.Debug|Any CPU.ActiveCfg = Debug|Any CPU
		{89FD6782-C57B-4F8F-BC26-4F0B8CBE8C16}.Debug|Any CPU.Build.0 = Debug|Any CPU
		{89FD6782-C57B-4F8F-BC26-4F0B8CBE8C16}.Release|Any CPU.ActiveCfg = Release|Any CPU
		{89FD6782-C57B-4F8F-BC26-4F0B8CBE8C16}.Release|Any CPU.Build.0 = Release|Any CPU
		{00AB3B09-19CD-4176-A8F9-5D81AF835ED6}.Debug|Any CPU.ActiveCfg = Debug|Any CPU
		{00AB3B09-19CD-4176-A8F9-5D81AF835ED6}.Debug|Any CPU.Build.0 = Debug|Any CPU
		{00AB3B09-19CD-4176-A8F9-5D81AF835ED6}.Release|Any CPU.ActiveCfg = Release|Any CPU
		{00AB3B09-19CD-4176-A8F9-5D81AF835ED6}.Release|Any CPU.Build.0 = Release|Any CPU
		{99399F33-773C-418D-9042-53B5BC236E5C}.Debug|Any CPU.ActiveCfg = Debug|Any CPU
		{99399F33-773C-418D-9042-53B5BC236E5C}.Debug|Any CPU.Build.0 = Debug|Any CPU
		{99399F33-773C-418D-9042-53B5BC236E5C}.Release|Any CPU.ActiveCfg = Release|Any CPU
		{99399F33-773C-418D-9042-53B5BC236E5C}.Release|Any CPU.Build.0 = Release|Any CPU
		{4C1B0126-BA51-476E-B0BA-987B507DA4ED}.Debug|Any CPU.ActiveCfg = Debug|Any CPU
		{4C1B0126-BA51-476E-B0BA-987B507DA4ED}.Debug|Any CPU.Build.0 = Debug|Any CPU
		{4C1B0126-BA51-476E-B0BA-987B507DA4ED}.Release|Any CPU.ActiveCfg = Release|Any CPU
		{4C1B0126-BA51-476E-B0BA-987B507DA4ED}.Release|Any CPU.Build.0 = Release|Any CPU
		{933AC7D1-C909-4835-8CCA-7B63D6BD11A2}.Debug|Any CPU.ActiveCfg = Debug|Any CPU
		{933AC7D1-C909-4835-8CCA-7B63D6BD11A2}.Debug|Any CPU.Build.0 = Debug|Any CPU
		{933AC7D1-C909-4835-8CCA-7B63D6BD11A2}.Release|Any CPU.ActiveCfg = Release|Any CPU
		{933AC7D1-C909-4835-8CCA-7B63D6BD11A2}.Release|Any CPU.Build.0 = Release|Any CPU
		{9259AB20-B7FD-489C-A976-C12678759936}.Debug|Any CPU.ActiveCfg = Debug|Any CPU
		{9259AB20-B7FD-489C-A976-C12678759936}.Debug|Any CPU.Build.0 = Debug|Any CPU
		{9259AB20-B7FD-489C-A976-C12678759936}.Release|Any CPU.ActiveCfg = Release|Any CPU
		{9259AB20-B7FD-489C-A976-C12678759936}.Release|Any CPU.Build.0 = Release|Any CPU
		{E46A84DB-12A0-4A18-BD37-7BBB3CF972AD}.Debug|Any CPU.ActiveCfg = Debug|Any CPU
		{E46A84DB-12A0-4A18-BD37-7BBB3CF972AD}.Debug|Any CPU.Build.0 = Debug|Any CPU
		{E46A84DB-12A0-4A18-BD37-7BBB3CF972AD}.Release|Any CPU.ActiveCfg = Release|Any CPU
		{E46A84DB-12A0-4A18-BD37-7BBB3CF972AD}.Release|Any CPU.Build.0 = Release|Any CPU
		{34909FA9-8B79-4EC5-A0AD-4C8445DCDFA0}.Debug|Any CPU.ActiveCfg = Debug|Any CPU
		{34909FA9-8B79-4EC5-A0AD-4C8445DCDFA0}.Debug|Any CPU.Build.0 = Debug|Any CPU
		{34909FA9-8B79-4EC5-A0AD-4C8445DCDFA0}.Release|Any CPU.ActiveCfg = Release|Any CPU
		{34909FA9-8B79-4EC5-A0AD-4C8445DCDFA0}.Release|Any CPU.Build.0 = Release|Any CPU
		{61E1A0DD-72B2-4532-8F48-269E7097C223}.Debug|Any CPU.ActiveCfg = Debug|Any CPU
		{61E1A0DD-72B2-4532-8F48-269E7097C223}.Debug|Any CPU.Build.0 = Debug|Any CPU
		{61E1A0DD-72B2-4532-8F48-269E7097C223}.Release|Any CPU.ActiveCfg = Release|Any CPU
		{61E1A0DD-72B2-4532-8F48-269E7097C223}.Release|Any CPU.Build.0 = Release|Any CPU
		{BD301889-7561-4CFE-88EB-EFF15BEAC348}.Debug|Any CPU.ActiveCfg = Debug|Any CPU
		{BD301889-7561-4CFE-88EB-EFF15BEAC348}.Debug|Any CPU.Build.0 = Debug|Any CPU
		{BD301889-7561-4CFE-88EB-EFF15BEAC348}.Release|Any CPU.ActiveCfg = Release|Any CPU
		{BD301889-7561-4CFE-88EB-EFF15BEAC348}.Release|Any CPU.Build.0 = Release|Any CPU
		{08A74709-435F-4FB9-8252-73EB504C3B01}.Debug|Any CPU.ActiveCfg = Debug|Any CPU
		{08A74709-435F-4FB9-8252-73EB504C3B01}.Debug|Any CPU.Build.0 = Debug|Any CPU
		{08A74709-435F-4FB9-8252-73EB504C3B01}.Release|Any CPU.ActiveCfg = Release|Any CPU
		{08A74709-435F-4FB9-8252-73EB504C3B01}.Release|Any CPU.Build.0 = Release|Any CPU
		{96D67EBB-02F1-410E-BEBA-8BCBAC0EAEC6}.Debug|Any CPU.ActiveCfg = Debug|Any CPU
		{96D67EBB-02F1-410E-BEBA-8BCBAC0EAEC6}.Debug|Any CPU.Build.0 = Debug|Any CPU
		{96D67EBB-02F1-410E-BEBA-8BCBAC0EAEC6}.Release|Any CPU.ActiveCfg = Release|Any CPU
		{96D67EBB-02F1-410E-BEBA-8BCBAC0EAEC6}.Release|Any CPU.Build.0 = Release|Any CPU
		{208AC6B2-C0FE-40E2-9409-39E4E1B01762}.Debug|Any CPU.ActiveCfg = Debug|Any CPU
		{208AC6B2-C0FE-40E2-9409-39E4E1B01762}.Debug|Any CPU.Build.0 = Debug|Any CPU
		{208AC6B2-C0FE-40E2-9409-39E4E1B01762}.Release|Any CPU.ActiveCfg = Release|Any CPU
		{208AC6B2-C0FE-40E2-9409-39E4E1B01762}.Release|Any CPU.Build.0 = Release|Any CPU
		{F2104BB9-ECED-4437-AABE-2AF2C6183372}.Debug|Any CPU.ActiveCfg = Debug|Any CPU
		{F2104BB9-ECED-4437-AABE-2AF2C6183372}.Debug|Any CPU.Build.0 = Debug|Any CPU
		{F2104BB9-ECED-4437-AABE-2AF2C6183372}.Release|Any CPU.ActiveCfg = Release|Any CPU
		{F2104BB9-ECED-4437-AABE-2AF2C6183372}.Release|Any CPU.Build.0 = Release|Any CPU
		{DAE4CB73-A1F2-4356-8187-475366F2D25C}.Debug|Any CPU.ActiveCfg = Debug|Any CPU
		{DAE4CB73-A1F2-4356-8187-475366F2D25C}.Debug|Any CPU.Build.0 = Debug|Any CPU
		{DAE4CB73-A1F2-4356-8187-475366F2D25C}.Release|Any CPU.ActiveCfg = Release|Any CPU
		{DAE4CB73-A1F2-4356-8187-475366F2D25C}.Release|Any CPU.Build.0 = Release|Any CPU
		{4319ED50-CBC5-45BE-B4FE-3B161703408B}.Debug|Any CPU.ActiveCfg = Debug|Any CPU
		{4319ED50-CBC5-45BE-B4FE-3B161703408B}.Debug|Any CPU.Build.0 = Debug|Any CPU
		{4319ED50-CBC5-45BE-B4FE-3B161703408B}.Release|Any CPU.ActiveCfg = Release|Any CPU
		{4319ED50-CBC5-45BE-B4FE-3B161703408B}.Release|Any CPU.Build.0 = Release|Any CPU
		{4DE293E7-48F2-40E8-A3F4-7D4B8F24F158}.Debug|Any CPU.ActiveCfg = Debug|Any CPU
		{4DE293E7-48F2-40E8-A3F4-7D4B8F24F158}.Debug|Any CPU.Build.0 = Debug|Any CPU
		{4DE293E7-48F2-40E8-A3F4-7D4B8F24F158}.Release|Any CPU.ActiveCfg = Release|Any CPU
		{4DE293E7-48F2-40E8-A3F4-7D4B8F24F158}.Release|Any CPU.Build.0 = Release|Any CPU
		{E30663BA-C5DA-4513-AAFE-1C86F9856E7E}.Debug|Any CPU.ActiveCfg = Debug|Any CPU
		{E30663BA-C5DA-4513-AAFE-1C86F9856E7E}.Debug|Any CPU.Build.0 = Debug|Any CPU
		{E30663BA-C5DA-4513-AAFE-1C86F9856E7E}.Release|Any CPU.ActiveCfg = Release|Any CPU
		{E30663BA-C5DA-4513-AAFE-1C86F9856E7E}.Release|Any CPU.Build.0 = Release|Any CPU
		{76C70208-636A-4A33-B7AA-B379224A4AE2}.Debug|Any CPU.ActiveCfg = Debug|Any CPU
		{76C70208-636A-4A33-B7AA-B379224A4AE2}.Debug|Any CPU.Build.0 = Debug|Any CPU
		{76C70208-636A-4A33-B7AA-B379224A4AE2}.Release|Any CPU.ActiveCfg = Release|Any CPU
		{76C70208-636A-4A33-B7AA-B379224A4AE2}.Release|Any CPU.Build.0 = Release|Any CPU
		{531B73A8-D0DF-4B7D-962B-BE9A1E29B4F6}.Debug|Any CPU.ActiveCfg = Debug|Any CPU
		{531B73A8-D0DF-4B7D-962B-BE9A1E29B4F6}.Debug|Any CPU.Build.0 = Debug|Any CPU
		{531B73A8-D0DF-4B7D-962B-BE9A1E29B4F6}.Release|Any CPU.ActiveCfg = Release|Any CPU
		{531B73A8-D0DF-4B7D-962B-BE9A1E29B4F6}.Release|Any CPU.Build.0 = Release|Any CPU
		{E4A056B5-A106-4533-B501-1B9CB35D84D1}.Debug|Any CPU.ActiveCfg = Debug|Any CPU
		{E4A056B5-A106-4533-B501-1B9CB35D84D1}.Debug|Any CPU.Build.0 = Debug|Any CPU
		{E4A056B5-A106-4533-B501-1B9CB35D84D1}.Release|Any CPU.ActiveCfg = Release|Any CPU
		{E4A056B5-A106-4533-B501-1B9CB35D84D1}.Release|Any CPU.Build.0 = Release|Any CPU
		{2EDC5F1F-24E1-4E4A-8523-4118F1FA1122}.Debug|Any CPU.ActiveCfg = Debug|Any CPU
		{2EDC5F1F-24E1-4E4A-8523-4118F1FA1122}.Debug|Any CPU.Build.0 = Debug|Any CPU
		{2EDC5F1F-24E1-4E4A-8523-4118F1FA1122}.Release|Any CPU.ActiveCfg = Release|Any CPU
		{2EDC5F1F-24E1-4E4A-8523-4118F1FA1122}.Release|Any CPU.Build.0 = Release|Any CPU
		{05118A65-49FD-40B2-BB6C-94871EB9017A}.Debug|Any CPU.ActiveCfg = Debug|Any CPU
		{05118A65-49FD-40B2-BB6C-94871EB9017A}.Debug|Any CPU.Build.0 = Debug|Any CPU
		{05118A65-49FD-40B2-BB6C-94871EB9017A}.Release|Any CPU.ActiveCfg = Release|Any CPU
		{05118A65-49FD-40B2-BB6C-94871EB9017A}.Release|Any CPU.Build.0 = Release|Any CPU
		{5715BDA4-C17D-4F6D-9738-51CFB9222BFB}.Debug|Any CPU.ActiveCfg = Debug|Any CPU
		{5715BDA4-C17D-4F6D-9738-51CFB9222BFB}.Debug|Any CPU.Build.0 = Debug|Any CPU
		{5715BDA4-C17D-4F6D-9738-51CFB9222BFB}.Release|Any CPU.ActiveCfg = Release|Any CPU
		{5715BDA4-C17D-4F6D-9738-51CFB9222BFB}.Release|Any CPU.Build.0 = Release|Any CPU
		{695954F9-2A09-4838-A21E-A76A6B11F820}.Debug|Any CPU.ActiveCfg = Debug|Any CPU
		{695954F9-2A09-4838-A21E-A76A6B11F820}.Debug|Any CPU.Build.0 = Debug|Any CPU
		{695954F9-2A09-4838-A21E-A76A6B11F820}.Release|Any CPU.ActiveCfg = Release|Any CPU
		{695954F9-2A09-4838-A21E-A76A6B11F820}.Release|Any CPU.Build.0 = Release|Any CPU
		{216B6936-D73B-4C09-877A-490272ED0076}.Debug|Any CPU.ActiveCfg = Debug|Any CPU
		{216B6936-D73B-4C09-877A-490272ED0076}.Debug|Any CPU.Build.0 = Debug|Any CPU
		{216B6936-D73B-4C09-877A-490272ED0076}.Release|Any CPU.ActiveCfg = Release|Any CPU
		{216B6936-D73B-4C09-877A-490272ED0076}.Release|Any CPU.Build.0 = Release|Any CPU
		{B8AC529A-FED9-4013-8A6B-5FDE5AC42430}.Debug|Any CPU.ActiveCfg = Debug|Any CPU
		{B8AC529A-FED9-4013-8A6B-5FDE5AC42430}.Debug|Any CPU.Build.0 = Debug|Any CPU
		{B8AC529A-FED9-4013-8A6B-5FDE5AC42430}.Release|Any CPU.ActiveCfg = Release|Any CPU
		{B8AC529A-FED9-4013-8A6B-5FDE5AC42430}.Release|Any CPU.Build.0 = Release|Any CPU
		{4CA08C4A-E12B-4059-895B-DAF3D51C1A5D}.Debug|Any CPU.ActiveCfg = Debug|Any CPU
		{4CA08C4A-E12B-4059-895B-DAF3D51C1A5D}.Debug|Any CPU.Build.0 = Debug|Any CPU
		{4CA08C4A-E12B-4059-895B-DAF3D51C1A5D}.Release|Any CPU.ActiveCfg = Release|Any CPU
		{4CA08C4A-E12B-4059-895B-DAF3D51C1A5D}.Release|Any CPU.Build.0 = Release|Any CPU
		{7A327A84-5B23-4A56-84E5-EAB5D005004C}.Debug|Any CPU.ActiveCfg = Debug|Any CPU
		{7A327A84-5B23-4A56-84E5-EAB5D005004C}.Debug|Any CPU.Build.0 = Debug|Any CPU
		{7A327A84-5B23-4A56-84E5-EAB5D005004C}.Release|Any CPU.ActiveCfg = Release|Any CPU
		{7A327A84-5B23-4A56-84E5-EAB5D005004C}.Release|Any CPU.Build.0 = Release|Any CPU
		{95E69CD8-9A80-4CF2-800F-DB3770E85070}.Debug|Any CPU.ActiveCfg = Debug|Any CPU
		{95E69CD8-9A80-4CF2-800F-DB3770E85070}.Debug|Any CPU.Build.0 = Debug|Any CPU
		{95E69CD8-9A80-4CF2-800F-DB3770E85070}.Release|Any CPU.ActiveCfg = Release|Any CPU
		{95E69CD8-9A80-4CF2-800F-DB3770E85070}.Release|Any CPU.Build.0 = Release|Any CPU
		{6113A383-B625-4A14-880F-D3EFED0EA993}.Debug|Any CPU.ActiveCfg = Debug|Any CPU
		{6113A383-B625-4A14-880F-D3EFED0EA993}.Debug|Any CPU.Build.0 = Debug|Any CPU
		{6113A383-B625-4A14-880F-D3EFED0EA993}.Release|Any CPU.ActiveCfg = Release|Any CPU
		{6113A383-B625-4A14-880F-D3EFED0EA993}.Release|Any CPU.Build.0 = Release|Any CPU
		{6277CE5A-604F-434F-82A1-BBB2EA15ED5F}.Debug|Any CPU.ActiveCfg = Debug|Any CPU
		{6277CE5A-604F-434F-82A1-BBB2EA15ED5F}.Debug|Any CPU.Build.0 = Debug|Any CPU
		{6277CE5A-604F-434F-82A1-BBB2EA15ED5F}.Release|Any CPU.ActiveCfg = Release|Any CPU
		{6277CE5A-604F-434F-82A1-BBB2EA15ED5F}.Release|Any CPU.Build.0 = Release|Any CPU
		{33DB1504-7D41-4EBF-884C-65607A7BA9A7}.Debug|Any CPU.ActiveCfg = Debug|Any CPU
		{33DB1504-7D41-4EBF-884C-65607A7BA9A7}.Debug|Any CPU.Build.0 = Debug|Any CPU
		{33DB1504-7D41-4EBF-884C-65607A7BA9A7}.Release|Any CPU.ActiveCfg = Release|Any CPU
		{33DB1504-7D41-4EBF-884C-65607A7BA9A7}.Release|Any CPU.Build.0 = Release|Any CPU
		{B745B04B-A0D5-4B94-958D-9454450150BD}.Debug|Any CPU.ActiveCfg = Debug|Any CPU
		{B745B04B-A0D5-4B94-958D-9454450150BD}.Debug|Any CPU.Build.0 = Debug|Any CPU
		{B745B04B-A0D5-4B94-958D-9454450150BD}.Release|Any CPU.ActiveCfg = Release|Any CPU
		{B745B04B-A0D5-4B94-958D-9454450150BD}.Release|Any CPU.Build.0 = Release|Any CPU
		{6A05E1A8-2E5F-4C8D-9C67-E8801815D495}.Debug|Any CPU.ActiveCfg = Debug|Any CPU
		{6A05E1A8-2E5F-4C8D-9C67-E8801815D495}.Debug|Any CPU.Build.0 = Debug|Any CPU
		{6A05E1A8-2E5F-4C8D-9C67-E8801815D495}.Release|Any CPU.ActiveCfg = Release|Any CPU
		{6A05E1A8-2E5F-4C8D-9C67-E8801815D495}.Release|Any CPU.Build.0 = Release|Any CPU
		{8955C011-DCEB-467B-BB06-23F5738DF1B3}.Debug|Any CPU.ActiveCfg = Debug|Any CPU
		{8955C011-DCEB-467B-BB06-23F5738DF1B3}.Debug|Any CPU.Build.0 = Debug|Any CPU
		{8955C011-DCEB-467B-BB06-23F5738DF1B3}.Release|Any CPU.ActiveCfg = Release|Any CPU
		{8955C011-DCEB-467B-BB06-23F5738DF1B3}.Release|Any CPU.Build.0 = Release|Any CPU
		{9FEDCE15-B5F7-417F-A82A-2A5AAD66FAFA}.Debug|Any CPU.ActiveCfg = Debug|Any CPU
		{9FEDCE15-B5F7-417F-A82A-2A5AAD66FAFA}.Debug|Any CPU.Build.0 = Debug|Any CPU
		{9FEDCE15-B5F7-417F-A82A-2A5AAD66FAFA}.Release|Any CPU.ActiveCfg = Release|Any CPU
		{9FEDCE15-B5F7-417F-A82A-2A5AAD66FAFA}.Release|Any CPU.Build.0 = Release|Any CPU
		{05318925-23A1-4E77-A345-D645E654FE33}.Debug|Any CPU.ActiveCfg = Debug|Any CPU
		{05318925-23A1-4E77-A345-D645E654FE33}.Debug|Any CPU.Build.0 = Debug|Any CPU
		{05318925-23A1-4E77-A345-D645E654FE33}.Release|Any CPU.ActiveCfg = Release|Any CPU
		{05318925-23A1-4E77-A345-D645E654FE33}.Release|Any CPU.Build.0 = Release|Any CPU
		{FB0D3FA9-B97C-49CD-A44A-4AF5197FF4F3}.Debug|Any CPU.ActiveCfg = Debug|Any CPU
		{FB0D3FA9-B97C-49CD-A44A-4AF5197FF4F3}.Debug|Any CPU.Build.0 = Debug|Any CPU
		{FB0D3FA9-B97C-49CD-A44A-4AF5197FF4F3}.Release|Any CPU.ActiveCfg = Release|Any CPU
		{FB0D3FA9-B97C-49CD-A44A-4AF5197FF4F3}.Release|Any CPU.Build.0 = Release|Any CPU
		{A986C800-1358-4837-AF50-35677121221D}.Debug|Any CPU.ActiveCfg = Debug|Any CPU
		{A986C800-1358-4837-AF50-35677121221D}.Debug|Any CPU.Build.0 = Debug|Any CPU
		{A986C800-1358-4837-AF50-35677121221D}.Release|Any CPU.ActiveCfg = Release|Any CPU
		{A986C800-1358-4837-AF50-35677121221D}.Release|Any CPU.Build.0 = Release|Any CPU
		{664F1906-CE00-44BE-AB13-2BD679DBEF45}.Debug|Any CPU.ActiveCfg = Debug|Any CPU
		{664F1906-CE00-44BE-AB13-2BD679DBEF45}.Debug|Any CPU.Build.0 = Debug|Any CPU
		{664F1906-CE00-44BE-AB13-2BD679DBEF45}.Release|Any CPU.ActiveCfg = Release|Any CPU
		{664F1906-CE00-44BE-AB13-2BD679DBEF45}.Release|Any CPU.Build.0 = Release|Any CPU
		{6C5FC55D-A80A-41CA-9F6A-F5E5E89113A8}.Debug|Any CPU.ActiveCfg = Debug|Any CPU
		{6C5FC55D-A80A-41CA-9F6A-F5E5E89113A8}.Debug|Any CPU.Build.0 = Debug|Any CPU
		{6C5FC55D-A80A-41CA-9F6A-F5E5E89113A8}.Release|Any CPU.ActiveCfg = Release|Any CPU
		{6C5FC55D-A80A-41CA-9F6A-F5E5E89113A8}.Release|Any CPU.Build.0 = Release|Any CPU
		{3977B9D0-0DDD-40C2-8DEC-4371023B2E8B}.Debug|Any CPU.ActiveCfg = Debug|Any CPU
		{3977B9D0-0DDD-40C2-8DEC-4371023B2E8B}.Debug|Any CPU.Build.0 = Debug|Any CPU
		{3977B9D0-0DDD-40C2-8DEC-4371023B2E8B}.Release|Any CPU.ActiveCfg = Release|Any CPU
		{3977B9D0-0DDD-40C2-8DEC-4371023B2E8B}.Release|Any CPU.Build.0 = Release|Any CPU
		{1BA12115-30E3-4014-BDA6-6951EE364E36}.Debug|Any CPU.ActiveCfg = Debug|Any CPU
		{1BA12115-30E3-4014-BDA6-6951EE364E36}.Debug|Any CPU.Build.0 = Debug|Any CPU
		{1BA12115-30E3-4014-BDA6-6951EE364E36}.Release|Any CPU.ActiveCfg = Release|Any CPU
		{1BA12115-30E3-4014-BDA6-6951EE364E36}.Release|Any CPU.Build.0 = Release|Any CPU
		{65574D67-DF06-4EAF-AAF9-1C89DFFBFB6A}.Debug|Any CPU.ActiveCfg = Debug|Any CPU
		{65574D67-DF06-4EAF-AAF9-1C89DFFBFB6A}.Debug|Any CPU.Build.0 = Debug|Any CPU
		{65574D67-DF06-4EAF-AAF9-1C89DFFBFB6A}.Release|Any CPU.ActiveCfg = Release|Any CPU
		{65574D67-DF06-4EAF-AAF9-1C89DFFBFB6A}.Release|Any CPU.Build.0 = Release|Any CPU
		{6249082A-B8C6-4C00-A20A-A379499838C7}.Debug|Any CPU.ActiveCfg = Debug|Any CPU
		{6249082A-B8C6-4C00-A20A-A379499838C7}.Debug|Any CPU.Build.0 = Debug|Any CPU
		{6249082A-B8C6-4C00-A20A-A379499838C7}.Release|Any CPU.ActiveCfg = Release|Any CPU
		{6249082A-B8C6-4C00-A20A-A379499838C7}.Release|Any CPU.Build.0 = Release|Any CPU
		{C7986E6F-AB24-476E-AB00-372C090300A8}.Debug|Any CPU.ActiveCfg = Debug|Any CPU
		{C7986E6F-AB24-476E-AB00-372C090300A8}.Debug|Any CPU.Build.0 = Debug|Any CPU
		{C7986E6F-AB24-476E-AB00-372C090300A8}.Release|Any CPU.ActiveCfg = Release|Any CPU
		{C7986E6F-AB24-476E-AB00-372C090300A8}.Release|Any CPU.Build.0 = Release|Any CPU
		{E890486A-720C-4D12-8FE8-AA623B274E5B}.Debug|Any CPU.ActiveCfg = Debug|Any CPU
		{E890486A-720C-4D12-8FE8-AA623B274E5B}.Debug|Any CPU.Build.0 = Debug|Any CPU
		{E890486A-720C-4D12-8FE8-AA623B274E5B}.Release|Any CPU.ActiveCfg = Release|Any CPU
		{E890486A-720C-4D12-8FE8-AA623B274E5B}.Release|Any CPU.Build.0 = Release|Any CPU
		{2D7A1136-9122-4F01-A424-24CC696ADC08}.Debug|Any CPU.ActiveCfg = Debug|Any CPU
		{2D7A1136-9122-4F01-A424-24CC696ADC08}.Debug|Any CPU.Build.0 = Debug|Any CPU
		{2D7A1136-9122-4F01-A424-24CC696ADC08}.Release|Any CPU.ActiveCfg = Release|Any CPU
		{2D7A1136-9122-4F01-A424-24CC696ADC08}.Release|Any CPU.Build.0 = Release|Any CPU
		{34140C03-BAB3-427E-9BCE-75D9DB6F2677}.Debug|Any CPU.ActiveCfg = Debug|Any CPU
		{34140C03-BAB3-427E-9BCE-75D9DB6F2677}.Debug|Any CPU.Build.0 = Debug|Any CPU
		{34140C03-BAB3-427E-9BCE-75D9DB6F2677}.Release|Any CPU.ActiveCfg = Release|Any CPU
		{34140C03-BAB3-427E-9BCE-75D9DB6F2677}.Release|Any CPU.Build.0 = Release|Any CPU
		{8D5E2CF6-3F8D-4853-83CA-0C2A04625DEE}.Debug|Any CPU.ActiveCfg = Debug|Any CPU
		{8D5E2CF6-3F8D-4853-83CA-0C2A04625DEE}.Debug|Any CPU.Build.0 = Debug|Any CPU
		{8D5E2CF6-3F8D-4853-83CA-0C2A04625DEE}.Release|Any CPU.ActiveCfg = Release|Any CPU
		{8D5E2CF6-3F8D-4853-83CA-0C2A04625DEE}.Release|Any CPU.Build.0 = Release|Any CPU
		{B09291A1-230F-44D1-9EEE-7E7775E8AE82}.Debug|Any CPU.ActiveCfg = Debug|Any CPU
		{B09291A1-230F-44D1-9EEE-7E7775E8AE82}.Debug|Any CPU.Build.0 = Debug|Any CPU
		{B09291A1-230F-44D1-9EEE-7E7775E8AE82}.Release|Any CPU.ActiveCfg = Release|Any CPU
		{B09291A1-230F-44D1-9EEE-7E7775E8AE82}.Release|Any CPU.Build.0 = Release|Any CPU
		{E43C0A09-D13A-4A68-800A-710D3DE22B81}.Debug|Any CPU.ActiveCfg = Debug|Any CPU
		{E43C0A09-D13A-4A68-800A-710D3DE22B81}.Debug|Any CPU.Build.0 = Debug|Any CPU
		{E43C0A09-D13A-4A68-800A-710D3DE22B81}.Release|Any CPU.ActiveCfg = Release|Any CPU
		{E43C0A09-D13A-4A68-800A-710D3DE22B81}.Release|Any CPU.Build.0 = Release|Any CPU
		{A75A60F6-B194-4AD1-8413-E8381223EE77}.Debug|Any CPU.ActiveCfg = Debug|Any CPU
		{A75A60F6-B194-4AD1-8413-E8381223EE77}.Debug|Any CPU.Build.0 = Debug|Any CPU
		{A75A60F6-B194-4AD1-8413-E8381223EE77}.Release|Any CPU.ActiveCfg = Release|Any CPU
		{A75A60F6-B194-4AD1-8413-E8381223EE77}.Release|Any CPU.Build.0 = Release|Any CPU
		{0D1DE9BF-1195-4E2B-9F81-513033128F36}.Debug|Any CPU.ActiveCfg = Debug|Any CPU
		{0D1DE9BF-1195-4E2B-9F81-513033128F36}.Debug|Any CPU.Build.0 = Debug|Any CPU
		{0D1DE9BF-1195-4E2B-9F81-513033128F36}.Release|Any CPU.ActiveCfg = Release|Any CPU
		{0D1DE9BF-1195-4E2B-9F81-513033128F36}.Release|Any CPU.Build.0 = Release|Any CPU
		{6A3C4A0C-AA31-464B-9574-2EBAE3D0F38D}.Debug|Any CPU.ActiveCfg = Debug|Any CPU
		{6A3C4A0C-AA31-464B-9574-2EBAE3D0F38D}.Debug|Any CPU.Build.0 = Debug|Any CPU
		{6A3C4A0C-AA31-464B-9574-2EBAE3D0F38D}.Release|Any CPU.ActiveCfg = Release|Any CPU
		{6A3C4A0C-AA31-464B-9574-2EBAE3D0F38D}.Release|Any CPU.Build.0 = Release|Any CPU
		{6C00917E-8A43-4C07-AD2F-685759ED08C9}.Debug|Any CPU.ActiveCfg = Debug|Any CPU
		{6C00917E-8A43-4C07-AD2F-685759ED08C9}.Debug|Any CPU.Build.0 = Debug|Any CPU
		{6C00917E-8A43-4C07-AD2F-685759ED08C9}.Release|Any CPU.ActiveCfg = Release|Any CPU
		{6C00917E-8A43-4C07-AD2F-685759ED08C9}.Release|Any CPU.Build.0 = Release|Any CPU
		{DA978B73-3D41-45EF-A2D9-EE98AFE4F30B}.Debug|Any CPU.ActiveCfg = Debug|Any CPU
		{DA978B73-3D41-45EF-A2D9-EE98AFE4F30B}.Debug|Any CPU.Build.0 = Debug|Any CPU
		{DA978B73-3D41-45EF-A2D9-EE98AFE4F30B}.Release|Any CPU.ActiveCfg = Release|Any CPU
		{DA978B73-3D41-45EF-A2D9-EE98AFE4F30B}.Release|Any CPU.Build.0 = Release|Any CPU
		{57FC7187-FA38-4853-A900-C78B8259A871}.Debug|Any CPU.ActiveCfg = Debug|Any CPU
		{57FC7187-FA38-4853-A900-C78B8259A871}.Debug|Any CPU.Build.0 = Debug|Any CPU
		{57FC7187-FA38-4853-A900-C78B8259A871}.Release|Any CPU.ActiveCfg = Release|Any CPU
		{57FC7187-FA38-4853-A900-C78B8259A871}.Release|Any CPU.Build.0 = Release|Any CPU
		{7C47687B-A2BE-4024-8472-31316B181BA6}.Debug|Any CPU.ActiveCfg = Debug|Any CPU
		{7C47687B-A2BE-4024-8472-31316B181BA6}.Debug|Any CPU.Build.0 = Debug|Any CPU
		{7C47687B-A2BE-4024-8472-31316B181BA6}.Release|Any CPU.ActiveCfg = Release|Any CPU
		{7C47687B-A2BE-4024-8472-31316B181BA6}.Release|Any CPU.Build.0 = Release|Any CPU
		{59E6CDA6-95A8-4A38-B3D4-AF83C66F650B}.Debug|Any CPU.ActiveCfg = Debug|Any CPU
		{59E6CDA6-95A8-4A38-B3D4-AF83C66F650B}.Debug|Any CPU.Build.0 = Debug|Any CPU
		{59E6CDA6-95A8-4A38-B3D4-AF83C66F650B}.Release|Any CPU.ActiveCfg = Release|Any CPU
		{59E6CDA6-95A8-4A38-B3D4-AF83C66F650B}.Release|Any CPU.Build.0 = Release|Any CPU
		{2628FF7C-BEB0-407C-AA7B-77BC09B1B587}.Debug|Any CPU.ActiveCfg = Debug|Any CPU
		{2628FF7C-BEB0-407C-AA7B-77BC09B1B587}.Debug|Any CPU.Build.0 = Debug|Any CPU
		{2628FF7C-BEB0-407C-AA7B-77BC09B1B587}.Release|Any CPU.ActiveCfg = Release|Any CPU
		{2628FF7C-BEB0-407C-AA7B-77BC09B1B587}.Release|Any CPU.Build.0 = Release|Any CPU
		{D99083F3-5FB3-42F0-81B7-8DA976DF30F3}.Debug|Any CPU.ActiveCfg = Debug|Any CPU
		{D99083F3-5FB3-42F0-81B7-8DA976DF30F3}.Debug|Any CPU.Build.0 = Debug|Any CPU
		{D99083F3-5FB3-42F0-81B7-8DA976DF30F3}.Release|Any CPU.ActiveCfg = Release|Any CPU
		{D99083F3-5FB3-42F0-81B7-8DA976DF30F3}.Release|Any CPU.Build.0 = Release|Any CPU
		{81BF96E8-7BE0-4A4A-A1F1-F95B944B5D0D}.Debug|Any CPU.ActiveCfg = Debug|Any CPU
		{81BF96E8-7BE0-4A4A-A1F1-F95B944B5D0D}.Debug|Any CPU.Build.0 = Debug|Any CPU
		{81BF96E8-7BE0-4A4A-A1F1-F95B944B5D0D}.Release|Any CPU.ActiveCfg = Release|Any CPU
		{81BF96E8-7BE0-4A4A-A1F1-F95B944B5D0D}.Release|Any CPU.Build.0 = Release|Any CPU
		{D9D7C662-D35F-499D-AD1F-F3113B36304B}.Debug|Any CPU.ActiveCfg = Debug|Any CPU
		{D9D7C662-D35F-499D-AD1F-F3113B36304B}.Debug|Any CPU.Build.0 = Debug|Any CPU
		{D9D7C662-D35F-499D-AD1F-F3113B36304B}.Release|Any CPU.ActiveCfg = Release|Any CPU
		{D9D7C662-D35F-499D-AD1F-F3113B36304B}.Release|Any CPU.Build.0 = Release|Any CPU
		{7BABA7E6-710C-469C-AF55-0AC61EB8E735}.Debug|Any CPU.ActiveCfg = Debug|Any CPU
		{7BABA7E6-710C-469C-AF55-0AC61EB8E735}.Debug|Any CPU.Build.0 = Debug|Any CPU
		{7BABA7E6-710C-469C-AF55-0AC61EB8E735}.Release|Any CPU.ActiveCfg = Release|Any CPU
		{7BABA7E6-710C-469C-AF55-0AC61EB8E735}.Release|Any CPU.Build.0 = Release|Any CPU
		{7C3FB78B-A3DC-4A65-80CA-F14E76140DB1}.Debug|Any CPU.ActiveCfg = Debug|Any CPU
		{7C3FB78B-A3DC-4A65-80CA-F14E76140DB1}.Debug|Any CPU.Build.0 = Debug|Any CPU
		{7C3FB78B-A3DC-4A65-80CA-F14E76140DB1}.Release|Any CPU.ActiveCfg = Release|Any CPU
		{7C3FB78B-A3DC-4A65-80CA-F14E76140DB1}.Release|Any CPU.Build.0 = Release|Any CPU
		{551A70F8-43E0-4F25-8E44-93799161B1F5}.Debug|Any CPU.ActiveCfg = Debug|Any CPU
		{551A70F8-43E0-4F25-8E44-93799161B1F5}.Debug|Any CPU.Build.0 = Debug|Any CPU
		{551A70F8-43E0-4F25-8E44-93799161B1F5}.Release|Any CPU.ActiveCfg = Release|Any CPU
		{551A70F8-43E0-4F25-8E44-93799161B1F5}.Release|Any CPU.Build.0 = Release|Any CPU
		{251F0418-D475-4DE9-9C9E-2E3E107021CF}.Debug|Any CPU.ActiveCfg = Debug|Any CPU
		{251F0418-D475-4DE9-9C9E-2E3E107021CF}.Debug|Any CPU.Build.0 = Debug|Any CPU
		{251F0418-D475-4DE9-9C9E-2E3E107021CF}.Release|Any CPU.ActiveCfg = Release|Any CPU
		{251F0418-D475-4DE9-9C9E-2E3E107021CF}.Release|Any CPU.Build.0 = Release|Any CPU
		{1CE97F32-71BE-44D5-8828-8E6C31480BF9}.Debug|Any CPU.ActiveCfg = Debug|Any CPU
		{1CE97F32-71BE-44D5-8828-8E6C31480BF9}.Debug|Any CPU.Build.0 = Debug|Any CPU
		{1CE97F32-71BE-44D5-8828-8E6C31480BF9}.Release|Any CPU.ActiveCfg = Release|Any CPU
		{1CE97F32-71BE-44D5-8828-8E6C31480BF9}.Release|Any CPU.Build.0 = Release|Any CPU
		{AD4FA7AC-772D-43DF-9FBD-7AEA6CEA3EDB}.Debug|Any CPU.ActiveCfg = Debug|Any CPU
		{AD4FA7AC-772D-43DF-9FBD-7AEA6CEA3EDB}.Debug|Any CPU.Build.0 = Debug|Any CPU
		{AD4FA7AC-772D-43DF-9FBD-7AEA6CEA3EDB}.Release|Any CPU.ActiveCfg = Release|Any CPU
		{AD4FA7AC-772D-43DF-9FBD-7AEA6CEA3EDB}.Release|Any CPU.Build.0 = Release|Any CPU
		{9D9829B9-35A2-4C76-AB61-2DE4599A6B51}.Debug|Any CPU.ActiveCfg = Debug|Any CPU
		{9D9829B9-35A2-4C76-AB61-2DE4599A6B51}.Debug|Any CPU.Build.0 = Debug|Any CPU
		{9D9829B9-35A2-4C76-AB61-2DE4599A6B51}.Release|Any CPU.ActiveCfg = Release|Any CPU
		{9D9829B9-35A2-4C76-AB61-2DE4599A6B51}.Release|Any CPU.Build.0 = Release|Any CPU
		{2F6AB231-84CC-4634-AF4F-8B2DBBCC37EF}.Debug|Any CPU.ActiveCfg = Debug|Any CPU
		{2F6AB231-84CC-4634-AF4F-8B2DBBCC37EF}.Debug|Any CPU.Build.0 = Debug|Any CPU
		{2F6AB231-84CC-4634-AF4F-8B2DBBCC37EF}.Release|Any CPU.ActiveCfg = Release|Any CPU
		{2F6AB231-84CC-4634-AF4F-8B2DBBCC37EF}.Release|Any CPU.Build.0 = Release|Any CPU
		{E172264C-7EFF-4393-839C-D0527B1334F3}.Debug|Any CPU.ActiveCfg = Debug|Any CPU
		{E172264C-7EFF-4393-839C-D0527B1334F3}.Debug|Any CPU.Build.0 = Debug|Any CPU
		{E172264C-7EFF-4393-839C-D0527B1334F3}.Release|Any CPU.ActiveCfg = Release|Any CPU
		{E172264C-7EFF-4393-839C-D0527B1334F3}.Release|Any CPU.Build.0 = Release|Any CPU
		{039FDF30-880F-47AF-B09B-CB3D7A8FC879}.Debug|Any CPU.ActiveCfg = Debug|Any CPU
		{039FDF30-880F-47AF-B09B-CB3D7A8FC879}.Debug|Any CPU.Build.0 = Debug|Any CPU
		{039FDF30-880F-47AF-B09B-CB3D7A8FC879}.Release|Any CPU.ActiveCfg = Release|Any CPU
		{039FDF30-880F-47AF-B09B-CB3D7A8FC879}.Release|Any CPU.Build.0 = Release|Any CPU
		{D4FD77DC-6C60-4DCA-87DC-B8A532B1AE37}.Debug|Any CPU.ActiveCfg = Debug|Any CPU
		{D4FD77DC-6C60-4DCA-87DC-B8A532B1AE37}.Debug|Any CPU.Build.0 = Debug|Any CPU
		{D4FD77DC-6C60-4DCA-87DC-B8A532B1AE37}.Release|Any CPU.ActiveCfg = Release|Any CPU
		{D4FD77DC-6C60-4DCA-87DC-B8A532B1AE37}.Release|Any CPU.Build.0 = Release|Any CPU
		{A8C0F1E4-4F0F-4FF0-A53F-C3B736FCAC48}.Debug|Any CPU.ActiveCfg = Debug|Any CPU
		{A8C0F1E4-4F0F-4FF0-A53F-C3B736FCAC48}.Debug|Any CPU.Build.0 = Debug|Any CPU
		{A8C0F1E4-4F0F-4FF0-A53F-C3B736FCAC48}.Release|Any CPU.ActiveCfg = Release|Any CPU
		{A8C0F1E4-4F0F-4FF0-A53F-C3B736FCAC48}.Release|Any CPU.Build.0 = Release|Any CPU
		{D964B6A0-81D2-448D-8008-ACFCCB7DB171}.Debug|Any CPU.ActiveCfg = Debug|Any CPU
		{D964B6A0-81D2-448D-8008-ACFCCB7DB171}.Debug|Any CPU.Build.0 = Debug|Any CPU
		{D964B6A0-81D2-448D-8008-ACFCCB7DB171}.Release|Any CPU.ActiveCfg = Release|Any CPU
		{D964B6A0-81D2-448D-8008-ACFCCB7DB171}.Release|Any CPU.Build.0 = Release|Any CPU
		{F6FA1335-3AA0-4568-B1E3-143D40141EFF}.Debug|Any CPU.ActiveCfg = Debug|Any CPU
		{F6FA1335-3AA0-4568-B1E3-143D40141EFF}.Debug|Any CPU.Build.0 = Debug|Any CPU
		{F6FA1335-3AA0-4568-B1E3-143D40141EFF}.Release|Any CPU.ActiveCfg = Release|Any CPU
		{F6FA1335-3AA0-4568-B1E3-143D40141EFF}.Release|Any CPU.Build.0 = Release|Any CPU
		{83FD2ADF-9636-4D51-856A-E367ED6E71E8}.Debug|Any CPU.ActiveCfg = Debug|Any CPU
		{83FD2ADF-9636-4D51-856A-E367ED6E71E8}.Debug|Any CPU.Build.0 = Debug|Any CPU
		{83FD2ADF-9636-4D51-856A-E367ED6E71E8}.Release|Any CPU.ActiveCfg = Release|Any CPU
		{83FD2ADF-9636-4D51-856A-E367ED6E71E8}.Release|Any CPU.Build.0 = Release|Any CPU
		{DF2114FF-6B78-4B5B-87AD-125E73F4412F}.Debug|Any CPU.ActiveCfg = Debug|Any CPU
		{DF2114FF-6B78-4B5B-87AD-125E73F4412F}.Debug|Any CPU.Build.0 = Debug|Any CPU
		{DF2114FF-6B78-4B5B-87AD-125E73F4412F}.Release|Any CPU.ActiveCfg = Release|Any CPU
		{DF2114FF-6B78-4B5B-87AD-125E73F4412F}.Release|Any CPU.Build.0 = Release|Any CPU
		{7520C0B4-699D-4859-9FAD-36A00E85873F}.Debug|Any CPU.ActiveCfg = Debug|Any CPU
		{7520C0B4-699D-4859-9FAD-36A00E85873F}.Debug|Any CPU.Build.0 = Debug|Any CPU
		{7520C0B4-699D-4859-9FAD-36A00E85873F}.Release|Any CPU.ActiveCfg = Release|Any CPU
		{7520C0B4-699D-4859-9FAD-36A00E85873F}.Release|Any CPU.Build.0 = Release|Any CPU
		{79E550FF-F547-44A8-BDAC-3D27028C30C3}.Debug|Any CPU.ActiveCfg = Debug|Any CPU
		{79E550FF-F547-44A8-BDAC-3D27028C30C3}.Debug|Any CPU.Build.0 = Debug|Any CPU
		{79E550FF-F547-44A8-BDAC-3D27028C30C3}.Release|Any CPU.ActiveCfg = Release|Any CPU
		{79E550FF-F547-44A8-BDAC-3D27028C30C3}.Release|Any CPU.Build.0 = Release|Any CPU
		{11B150A4-F8B0-4F8F-A4E5-71EC4A9BABC1}.Debug|Any CPU.ActiveCfg = Debug|Any CPU
		{11B150A4-F8B0-4F8F-A4E5-71EC4A9BABC1}.Debug|Any CPU.Build.0 = Debug|Any CPU
		{11B150A4-F8B0-4F8F-A4E5-71EC4A9BABC1}.Release|Any CPU.ActiveCfg = Release|Any CPU
		{11B150A4-F8B0-4F8F-A4E5-71EC4A9BABC1}.Release|Any CPU.Build.0 = Release|Any CPU
		{A8AF8E2A-63F5-4A94-A252-B5E828BEB1C8}.Debug|Any CPU.ActiveCfg = Debug|Any CPU
		{A8AF8E2A-63F5-4A94-A252-B5E828BEB1C8}.Debug|Any CPU.Build.0 = Debug|Any CPU
		{A8AF8E2A-63F5-4A94-A252-B5E828BEB1C8}.Release|Any CPU.ActiveCfg = Release|Any CPU
		{A8AF8E2A-63F5-4A94-A252-B5E828BEB1C8}.Release|Any CPU.Build.0 = Release|Any CPU
		{8E60AA39-6A5B-4F27-B237-5A9AC2D22445}.Debug|Any CPU.ActiveCfg = Debug|Any CPU
		{8E60AA39-6A5B-4F27-B237-5A9AC2D22445}.Debug|Any CPU.Build.0 = Debug|Any CPU
		{8E60AA39-6A5B-4F27-B237-5A9AC2D22445}.Release|Any CPU.ActiveCfg = Release|Any CPU
		{8E60AA39-6A5B-4F27-B237-5A9AC2D22445}.Release|Any CPU.Build.0 = Release|Any CPU
		{43E53BAD-C614-40DC-B978-8DAFF7F212EE}.Debug|Any CPU.ActiveCfg = Debug|Any CPU
		{43E53BAD-C614-40DC-B978-8DAFF7F212EE}.Debug|Any CPU.Build.0 = Debug|Any CPU
		{43E53BAD-C614-40DC-B978-8DAFF7F212EE}.Release|Any CPU.ActiveCfg = Release|Any CPU
		{43E53BAD-C614-40DC-B978-8DAFF7F212EE}.Release|Any CPU.Build.0 = Release|Any CPU
		{88CAD6C0-DA67-4E13-B955-3D1EB80A612D}.Debug|Any CPU.ActiveCfg = Debug|Any CPU
		{88CAD6C0-DA67-4E13-B955-3D1EB80A612D}.Debug|Any CPU.Build.0 = Debug|Any CPU
		{88CAD6C0-DA67-4E13-B955-3D1EB80A612D}.Release|Any CPU.ActiveCfg = Release|Any CPU
		{88CAD6C0-DA67-4E13-B955-3D1EB80A612D}.Release|Any CPU.Build.0 = Release|Any CPU
		{711E0BAC-1FB9-46B3-8F51-73BEABD7BE9C}.Debug|Any CPU.ActiveCfg = Debug|Any CPU
		{711E0BAC-1FB9-46B3-8F51-73BEABD7BE9C}.Debug|Any CPU.Build.0 = Debug|Any CPU
		{711E0BAC-1FB9-46B3-8F51-73BEABD7BE9C}.Release|Any CPU.ActiveCfg = Release|Any CPU
		{711E0BAC-1FB9-46B3-8F51-73BEABD7BE9C}.Release|Any CPU.Build.0 = Release|Any CPU
		{DF8747DB-932A-4383-9B5C-F56F06D29702}.Debug|Any CPU.ActiveCfg = Debug|Any CPU
		{DF8747DB-932A-4383-9B5C-F56F06D29702}.Debug|Any CPU.Build.0 = Debug|Any CPU
		{DF8747DB-932A-4383-9B5C-F56F06D29702}.Release|Any CPU.ActiveCfg = Release|Any CPU
		{DF8747DB-932A-4383-9B5C-F56F06D29702}.Release|Any CPU.Build.0 = Release|Any CPU
		{36C6B352-92D2-45CA-81C0-DC3D8849BDDA}.Debug|Any CPU.ActiveCfg = Debug|Any CPU
		{36C6B352-92D2-45CA-81C0-DC3D8849BDDA}.Debug|Any CPU.Build.0 = Debug|Any CPU
		{36C6B352-92D2-45CA-81C0-DC3D8849BDDA}.Release|Any CPU.ActiveCfg = Release|Any CPU
		{36C6B352-92D2-45CA-81C0-DC3D8849BDDA}.Release|Any CPU.Build.0 = Release|Any CPU
		{5A751991-55E4-4311-8CF3-BA67D6BB4376}.Debug|Any CPU.ActiveCfg = Debug|Any CPU
		{5A751991-55E4-4311-8CF3-BA67D6BB4376}.Debug|Any CPU.Build.0 = Debug|Any CPU
		{5A751991-55E4-4311-8CF3-BA67D6BB4376}.Release|Any CPU.ActiveCfg = Release|Any CPU
		{5A751991-55E4-4311-8CF3-BA67D6BB4376}.Release|Any CPU.Build.0 = Release|Any CPU
		{5963FF2E-5508-41B2-8B62-712C9C56D31C}.Debug|Any CPU.ActiveCfg = Debug|Any CPU
		{5963FF2E-5508-41B2-8B62-712C9C56D31C}.Debug|Any CPU.Build.0 = Debug|Any CPU
		{5963FF2E-5508-41B2-8B62-712C9C56D31C}.Release|Any CPU.ActiveCfg = Release|Any CPU
		{5963FF2E-5508-41B2-8B62-712C9C56D31C}.Release|Any CPU.Build.0 = Release|Any CPU
		{5A3B92DF-D75F-4372-8D2D-A27BC2D4192E}.Debug|Any CPU.ActiveCfg = Debug|Any CPU
		{5A3B92DF-D75F-4372-8D2D-A27BC2D4192E}.Debug|Any CPU.Build.0 = Debug|Any CPU
		{5A3B92DF-D75F-4372-8D2D-A27BC2D4192E}.Release|Any CPU.ActiveCfg = Release|Any CPU
		{5A3B92DF-D75F-4372-8D2D-A27BC2D4192E}.Release|Any CPU.Build.0 = Release|Any CPU
		{345B21F2-9111-48BE-88FB-F2B2E24A8496}.Debug|Any CPU.ActiveCfg = Debug|Any CPU
		{345B21F2-9111-48BE-88FB-F2B2E24A8496}.Debug|Any CPU.Build.0 = Debug|Any CPU
		{345B21F2-9111-48BE-88FB-F2B2E24A8496}.Release|Any CPU.ActiveCfg = Release|Any CPU
		{345B21F2-9111-48BE-88FB-F2B2E24A8496}.Release|Any CPU.Build.0 = Release|Any CPU
		{B0DAA74B-11E3-4BD1-BC8D-5A06B34F1844}.Debug|Any CPU.ActiveCfg = Debug|Any CPU
		{B0DAA74B-11E3-4BD1-BC8D-5A06B34F1844}.Debug|Any CPU.Build.0 = Debug|Any CPU
		{B0DAA74B-11E3-4BD1-BC8D-5A06B34F1844}.Release|Any CPU.ActiveCfg = Release|Any CPU
		{B0DAA74B-11E3-4BD1-BC8D-5A06B34F1844}.Release|Any CPU.Build.0 = Release|Any CPU
		{7E0C1595-9F70-460C-A68F-AF71DA1F90B6}.Debug|Any CPU.ActiveCfg = Debug|Any CPU
		{7E0C1595-9F70-460C-A68F-AF71DA1F90B6}.Debug|Any CPU.Build.0 = Debug|Any CPU
		{7E0C1595-9F70-460C-A68F-AF71DA1F90B6}.Release|Any CPU.ActiveCfg = Release|Any CPU
		{7E0C1595-9F70-460C-A68F-AF71DA1F90B6}.Release|Any CPU.Build.0 = Release|Any CPU
		{D9F74BFE-28B5-4BAA-B30D-FB30F129CA1D}.Debug|Any CPU.ActiveCfg = Debug|Any CPU
		{D9F74BFE-28B5-4BAA-B30D-FB30F129CA1D}.Debug|Any CPU.Build.0 = Debug|Any CPU
		{D9F74BFE-28B5-4BAA-B30D-FB30F129CA1D}.Release|Any CPU.ActiveCfg = Release|Any CPU
		{D9F74BFE-28B5-4BAA-B30D-FB30F129CA1D}.Release|Any CPU.Build.0 = Release|Any CPU
		{304BB045-46F9-47A6-8308-F4807C6CF73A}.Debug|Any CPU.ActiveCfg = Debug|Any CPU
		{304BB045-46F9-47A6-8308-F4807C6CF73A}.Debug|Any CPU.Build.0 = Debug|Any CPU
		{304BB045-46F9-47A6-8308-F4807C6CF73A}.Release|Any CPU.ActiveCfg = Release|Any CPU
		{304BB045-46F9-47A6-8308-F4807C6CF73A}.Release|Any CPU.Build.0 = Release|Any CPU
		{A9D65D19-4E2C-41C9-9D98-F10A689CB21F}.Debug|Any CPU.ActiveCfg = Debug|Any CPU
		{A9D65D19-4E2C-41C9-9D98-F10A689CB21F}.Debug|Any CPU.Build.0 = Debug|Any CPU
		{A9D65D19-4E2C-41C9-9D98-F10A689CB21F}.Release|Any CPU.ActiveCfg = Release|Any CPU
		{A9D65D19-4E2C-41C9-9D98-F10A689CB21F}.Release|Any CPU.Build.0 = Release|Any CPU
		{0B183006-CA5A-4ED7-A7CB-CD48C8079766}.Debug|Any CPU.ActiveCfg = Debug|Any CPU
		{0B183006-CA5A-4ED7-A7CB-CD48C8079766}.Debug|Any CPU.Build.0 = Debug|Any CPU
		{0B183006-CA5A-4ED7-A7CB-CD48C8079766}.Release|Any CPU.ActiveCfg = Release|Any CPU
		{0B183006-CA5A-4ED7-A7CB-CD48C8079766}.Release|Any CPU.Build.0 = Release|Any CPU
		{452ABF74-4AD2-44A9-85DB-B3C3600723BE}.Debug|Any CPU.ActiveCfg = Debug|Any CPU
		{452ABF74-4AD2-44A9-85DB-B3C3600723BE}.Debug|Any CPU.Build.0 = Debug|Any CPU
		{452ABF74-4AD2-44A9-85DB-B3C3600723BE}.Release|Any CPU.ActiveCfg = Release|Any CPU
		{452ABF74-4AD2-44A9-85DB-B3C3600723BE}.Release|Any CPU.Build.0 = Release|Any CPU
		{CA3AEDFD-EC7C-4E78-8C58-AD1DD0C3F97A}.Debug|Any CPU.ActiveCfg = Debug|Any CPU
		{CA3AEDFD-EC7C-4E78-8C58-AD1DD0C3F97A}.Debug|Any CPU.Build.0 = Debug|Any CPU
		{CA3AEDFD-EC7C-4E78-8C58-AD1DD0C3F97A}.Release|Any CPU.ActiveCfg = Release|Any CPU
		{CA3AEDFD-EC7C-4E78-8C58-AD1DD0C3F97A}.Release|Any CPU.Build.0 = Release|Any CPU
		{8AA3B6F3-AC15-4049-8F2F-BD2758509D27}.Debug|Any CPU.ActiveCfg = Debug|Any CPU
		{8AA3B6F3-AC15-4049-8F2F-BD2758509D27}.Debug|Any CPU.Build.0 = Debug|Any CPU
		{8AA3B6F3-AC15-4049-8F2F-BD2758509D27}.Release|Any CPU.ActiveCfg = Release|Any CPU
		{8AA3B6F3-AC15-4049-8F2F-BD2758509D27}.Release|Any CPU.Build.0 = Release|Any CPU
		{7E0729B6-163E-4267-A854-8EF1FC99A82D}.Debug|Any CPU.ActiveCfg = Debug|Any CPU
		{7E0729B6-163E-4267-A854-8EF1FC99A82D}.Debug|Any CPU.Build.0 = Debug|Any CPU
		{7E0729B6-163E-4267-A854-8EF1FC99A82D}.Release|Any CPU.ActiveCfg = Release|Any CPU
		{7E0729B6-163E-4267-A854-8EF1FC99A82D}.Release|Any CPU.Build.0 = Release|Any CPU
		{4A42858A-E998-4C86-AA07-B0EC10EB398A}.Debug|Any CPU.ActiveCfg = Debug|Any CPU
		{4A42858A-E998-4C86-AA07-B0EC10EB398A}.Debug|Any CPU.Build.0 = Debug|Any CPU
		{4A42858A-E998-4C86-AA07-B0EC10EB398A}.Release|Any CPU.ActiveCfg = Release|Any CPU
		{4A42858A-E998-4C86-AA07-B0EC10EB398A}.Release|Any CPU.Build.0 = Release|Any CPU
		{B511B475-3146-4C89-A1FF-69CF5B226269}.Debug|Any CPU.ActiveCfg = Debug|Any CPU
		{B511B475-3146-4C89-A1FF-69CF5B226269}.Debug|Any CPU.Build.0 = Debug|Any CPU
		{B511B475-3146-4C89-A1FF-69CF5B226269}.Release|Any CPU.ActiveCfg = Release|Any CPU
		{B511B475-3146-4C89-A1FF-69CF5B226269}.Release|Any CPU.Build.0 = Release|Any CPU
		{1CA31BC5-2B10-4457-BA94-021C65BC1528}.Debug|Any CPU.ActiveCfg = Debug|Any CPU
		{1CA31BC5-2B10-4457-BA94-021C65BC1528}.Debug|Any CPU.Build.0 = Debug|Any CPU
		{1CA31BC5-2B10-4457-BA94-021C65BC1528}.Release|Any CPU.ActiveCfg = Release|Any CPU
		{1CA31BC5-2B10-4457-BA94-021C65BC1528}.Release|Any CPU.Build.0 = Release|Any CPU
		{6FA42718-8B00-45F5-B647-223ED6B493EF}.Debug|Any CPU.ActiveCfg = Debug|Any CPU
		{6FA42718-8B00-45F5-B647-223ED6B493EF}.Debug|Any CPU.Build.0 = Debug|Any CPU
		{6FA42718-8B00-45F5-B647-223ED6B493EF}.Release|Any CPU.ActiveCfg = Release|Any CPU
		{6FA42718-8B00-45F5-B647-223ED6B493EF}.Release|Any CPU.Build.0 = Release|Any CPU
		{29180A6D-A2CD-4620-9A58-1CAD06B1F02C}.Debug|Any CPU.ActiveCfg = Debug|Any CPU
		{29180A6D-A2CD-4620-9A58-1CAD06B1F02C}.Debug|Any CPU.Build.0 = Debug|Any CPU
		{29180A6D-A2CD-4620-9A58-1CAD06B1F02C}.Release|Any CPU.ActiveCfg = Release|Any CPU
		{29180A6D-A2CD-4620-9A58-1CAD06B1F02C}.Release|Any CPU.Build.0 = Release|Any CPU
	EndGlobalSection
	GlobalSection(SolutionProperties) = preSolution
		HideSolutionNode = FALSE
	EndGlobalSection
	GlobalSection(NestedProjects) = preSolution
		{166AE8E3-6472-4FDB-84EA-79BBD0F49185} = {A5275F49-9967-4558-96C2-3BB7424B8F80}
		{430B3A37-17A4-447E-959A-5F4D0C332EAC} = {A5275F49-9967-4558-96C2-3BB7424B8F80}
		{FD65A9FE-5BB5-4926-A35A-1EDA4C796B53} = {A5275F49-9967-4558-96C2-3BB7424B8F80}
		{CA0DD15C-DF61-4F30-A290-D93FFFE0F4BC} = {A5275F49-9967-4558-96C2-3BB7424B8F80}
		{0A5C9960-AB11-4414-BA5D-2348E2EBE229} = {A5275F49-9967-4558-96C2-3BB7424B8F80}
		{27FA1D5C-3BC2-429E-9619-04704B0C3191} = {A5275F49-9967-4558-96C2-3BB7424B8F80}
		{FDF56037-33D6-494F-9755-FE74B97360AA} = {A5275F49-9967-4558-96C2-3BB7424B8F80}
		{4C78C9F1-9269-4E96-844C-5322A42719D6} = {A5275F49-9967-4558-96C2-3BB7424B8F80}
		{4999238A-4814-4EBF-A7F5-706878EE1D99} = {A5275F49-9967-4558-96C2-3BB7424B8F80}
		{C0FDA1C0-946B-4376-9B30-D1AE4B57A70B} = {A5275F49-9967-4558-96C2-3BB7424B8F80}
		{75314A15-A6B0-4201-8A82-7C2B394DF4E2} = {A5275F49-9967-4558-96C2-3BB7424B8F80}
		{6F0A0FB0-E496-4694-9EA8-7768F2C2EC5F} = {A5275F49-9967-4558-96C2-3BB7424B8F80}
		{47B1758F-5157-4504-89A1-28E9376972D8} = {A5275F49-9967-4558-96C2-3BB7424B8F80}
		{331CE090-9672-4512-A0BD-C61858ECBC71} = {A5275F49-9967-4558-96C2-3BB7424B8F80}
		{B4FEC64A-8EB4-4669-B743-B053DCFF8DF1} = {A5275F49-9967-4558-96C2-3BB7424B8F80}
		{826DDB08-5626-4ED5-B7E9-3A2D38BAFF9A} = {A5275F49-9967-4558-96C2-3BB7424B8F80}
		{B7F9E099-3FE4-4AAE-8478-6AD5F061C9E2} = {A5275F49-9967-4558-96C2-3BB7424B8F80}
		{91DF804F-1217-4746-B8D8-C60598B06775} = {A5275F49-9967-4558-96C2-3BB7424B8F80}
		{24F2E7AC-9B01-43B1-8F6D-086E1133EED6} = {A5275F49-9967-4558-96C2-3BB7424B8F80}
		{89FD6782-C57B-4F8F-BC26-4F0B8CBE8C16} = {A5275F49-9967-4558-96C2-3BB7424B8F80}
		{00AB3B09-19CD-4176-A8F9-5D81AF835ED6} = {A5275F49-9967-4558-96C2-3BB7424B8F80}
		{99399F33-773C-418D-9042-53B5BC236E5C} = {A5275F49-9967-4558-96C2-3BB7424B8F80}
		{4C1B0126-BA51-476E-B0BA-987B507DA4ED} = {A5275F49-9967-4558-96C2-3BB7424B8F80}
		{933AC7D1-C909-4835-8CCA-7B63D6BD11A2} = {A5275F49-9967-4558-96C2-3BB7424B8F80}
		{9259AB20-B7FD-489C-A976-C12678759936} = {A5275F49-9967-4558-96C2-3BB7424B8F80}
		{E46A84DB-12A0-4A18-BD37-7BBB3CF972AD} = {A5275F49-9967-4558-96C2-3BB7424B8F80}
		{34909FA9-8B79-4EC5-A0AD-4C8445DCDFA0} = {A5275F49-9967-4558-96C2-3BB7424B8F80}
		{61E1A0DD-72B2-4532-8F48-269E7097C223} = {A5275F49-9967-4558-96C2-3BB7424B8F80}
		{BD301889-7561-4CFE-88EB-EFF15BEAC348} = {A5275F49-9967-4558-96C2-3BB7424B8F80}
		{08A74709-435F-4FB9-8252-73EB504C3B01} = {A5275F49-9967-4558-96C2-3BB7424B8F80}
		{96D67EBB-02F1-410E-BEBA-8BCBAC0EAEC6} = {A5275F49-9967-4558-96C2-3BB7424B8F80}
		{208AC6B2-C0FE-40E2-9409-39E4E1B01762} = {A5275F49-9967-4558-96C2-3BB7424B8F80}
		{F2104BB9-ECED-4437-AABE-2AF2C6183372} = {A5275F49-9967-4558-96C2-3BB7424B8F80}
		{DAE4CB73-A1F2-4356-8187-475366F2D25C} = {A5275F49-9967-4558-96C2-3BB7424B8F80}
		{4319ED50-CBC5-45BE-B4FE-3B161703408B} = {A5275F49-9967-4558-96C2-3BB7424B8F80}
		{4DE293E7-48F2-40E8-A3F4-7D4B8F24F158} = {A5275F49-9967-4558-96C2-3BB7424B8F80}
		{E30663BA-C5DA-4513-AAFE-1C86F9856E7E} = {A5275F49-9967-4558-96C2-3BB7424B8F80}
		{76C70208-636A-4A33-B7AA-B379224A4AE2} = {A5275F49-9967-4558-96C2-3BB7424B8F80}
		{531B73A8-D0DF-4B7D-962B-BE9A1E29B4F6} = {A5275F49-9967-4558-96C2-3BB7424B8F80}
		{E4A056B5-A106-4533-B501-1B9CB35D84D1} = {A5275F49-9967-4558-96C2-3BB7424B8F80}
		{2EDC5F1F-24E1-4E4A-8523-4118F1FA1122} = {A5275F49-9967-4558-96C2-3BB7424B8F80}
		{05118A65-49FD-40B2-BB6C-94871EB9017A} = {A5275F49-9967-4558-96C2-3BB7424B8F80}
		{5715BDA4-C17D-4F6D-9738-51CFB9222BFB} = {A5275F49-9967-4558-96C2-3BB7424B8F80}
		{695954F9-2A09-4838-A21E-A76A6B11F820} = {A5275F49-9967-4558-96C2-3BB7424B8F80}
		{216B6936-D73B-4C09-877A-490272ED0076} = {A5275F49-9967-4558-96C2-3BB7424B8F80}
		{B8AC529A-FED9-4013-8A6B-5FDE5AC42430} = {A5275F49-9967-4558-96C2-3BB7424B8F80}
		{4CA08C4A-E12B-4059-895B-DAF3D51C1A5D} = {A5275F49-9967-4558-96C2-3BB7424B8F80}
		{7A327A84-5B23-4A56-84E5-EAB5D005004C} = {A5275F49-9967-4558-96C2-3BB7424B8F80}
		{95E69CD8-9A80-4CF2-800F-DB3770E85070} = {A5275F49-9967-4558-96C2-3BB7424B8F80}
		{6113A383-B625-4A14-880F-D3EFED0EA993} = {A5275F49-9967-4558-96C2-3BB7424B8F80}
		{6277CE5A-604F-434F-82A1-BBB2EA15ED5F} = {A5275F49-9967-4558-96C2-3BB7424B8F80}
		{33DB1504-7D41-4EBF-884C-65607A7BA9A7} = {A5275F49-9967-4558-96C2-3BB7424B8F80}
		{B745B04B-A0D5-4B94-958D-9454450150BD} = {A5275F49-9967-4558-96C2-3BB7424B8F80}
		{6A05E1A8-2E5F-4C8D-9C67-E8801815D495} = {A5275F49-9967-4558-96C2-3BB7424B8F80}
		{8955C011-DCEB-467B-BB06-23F5738DF1B3} = {A5275F49-9967-4558-96C2-3BB7424B8F80}
		{9FEDCE15-B5F7-417F-A82A-2A5AAD66FAFA} = {A5275F49-9967-4558-96C2-3BB7424B8F80}
		{05318925-23A1-4E77-A345-D645E654FE33} = {A5275F49-9967-4558-96C2-3BB7424B8F80}
		{FB0D3FA9-B97C-49CD-A44A-4AF5197FF4F3} = {A5275F49-9967-4558-96C2-3BB7424B8F80}
		{A986C800-1358-4837-AF50-35677121221D} = {A5275F49-9967-4558-96C2-3BB7424B8F80}
		{664F1906-CE00-44BE-AB13-2BD679DBEF45} = {A5275F49-9967-4558-96C2-3BB7424B8F80}
		{6C5FC55D-A80A-41CA-9F6A-F5E5E89113A8} = {A5275F49-9967-4558-96C2-3BB7424B8F80}
		{3977B9D0-0DDD-40C2-8DEC-4371023B2E8B} = {A5275F49-9967-4558-96C2-3BB7424B8F80}
		{1BA12115-30E3-4014-BDA6-6951EE364E36} = {A5275F49-9967-4558-96C2-3BB7424B8F80}
		{65574D67-DF06-4EAF-AAF9-1C89DFFBFB6A} = {A5275F49-9967-4558-96C2-3BB7424B8F80}
		{6249082A-B8C6-4C00-A20A-A379499838C7} = {A5275F49-9967-4558-96C2-3BB7424B8F80}
		{C7986E6F-AB24-476E-AB00-372C090300A8} = {A5275F49-9967-4558-96C2-3BB7424B8F80}
		{E890486A-720C-4D12-8FE8-AA623B274E5B} = {A5275F49-9967-4558-96C2-3BB7424B8F80}
		{2D7A1136-9122-4F01-A424-24CC696ADC08} = {A5275F49-9967-4558-96C2-3BB7424B8F80}
		{34140C03-BAB3-427E-9BCE-75D9DB6F2677} = {A5275F49-9967-4558-96C2-3BB7424B8F80}
		{8D5E2CF6-3F8D-4853-83CA-0C2A04625DEE} = {A5275F49-9967-4558-96C2-3BB7424B8F80}
		{B09291A1-230F-44D1-9EEE-7E7775E8AE82} = {A5275F49-9967-4558-96C2-3BB7424B8F80}
		{E43C0A09-D13A-4A68-800A-710D3DE22B81} = {A5275F49-9967-4558-96C2-3BB7424B8F80}
		{A75A60F6-B194-4AD1-8413-E8381223EE77} = {A5275F49-9967-4558-96C2-3BB7424B8F80}
		{0D1DE9BF-1195-4E2B-9F81-513033128F36} = {A5275F49-9967-4558-96C2-3BB7424B8F80}
		{6A3C4A0C-AA31-464B-9574-2EBAE3D0F38D} = {A5275F49-9967-4558-96C2-3BB7424B8F80}
		{6C00917E-8A43-4C07-AD2F-685759ED08C9} = {A5275F49-9967-4558-96C2-3BB7424B8F80}
		{DA978B73-3D41-45EF-A2D9-EE98AFE4F30B} = {A5275F49-9967-4558-96C2-3BB7424B8F80}
		{57FC7187-FA38-4853-A900-C78B8259A871} = {A5275F49-9967-4558-96C2-3BB7424B8F80}
		{7C47687B-A2BE-4024-8472-31316B181BA6} = {A5275F49-9967-4558-96C2-3BB7424B8F80}
		{59E6CDA6-95A8-4A38-B3D4-AF83C66F650B} = {A5275F49-9967-4558-96C2-3BB7424B8F80}
		{2628FF7C-BEB0-407C-AA7B-77BC09B1B587} = {A5275F49-9967-4558-96C2-3BB7424B8F80}
		{D99083F3-5FB3-42F0-81B7-8DA976DF30F3} = {A5275F49-9967-4558-96C2-3BB7424B8F80}
		{81BF96E8-7BE0-4A4A-A1F1-F95B944B5D0D} = {A5275F49-9967-4558-96C2-3BB7424B8F80}
		{D9D7C662-D35F-499D-AD1F-F3113B36304B} = {A5275F49-9967-4558-96C2-3BB7424B8F80}
		{7BABA7E6-710C-469C-AF55-0AC61EB8E735} = {A5275F49-9967-4558-96C2-3BB7424B8F80}
		{7C3FB78B-A3DC-4A65-80CA-F14E76140DB1} = {A5275F49-9967-4558-96C2-3BB7424B8F80}
		{551A70F8-43E0-4F25-8E44-93799161B1F5} = {A5275F49-9967-4558-96C2-3BB7424B8F80}
		{251F0418-D475-4DE9-9C9E-2E3E107021CF} = {A5275F49-9967-4558-96C2-3BB7424B8F80}
		{1CE97F32-71BE-44D5-8828-8E6C31480BF9} = {A5275F49-9967-4558-96C2-3BB7424B8F80}
		{AD4FA7AC-772D-43DF-9FBD-7AEA6CEA3EDB} = {A5275F49-9967-4558-96C2-3BB7424B8F80}
		{9D9829B9-35A2-4C76-AB61-2DE4599A6B51} = {A5275F49-9967-4558-96C2-3BB7424B8F80}
		{2F6AB231-84CC-4634-AF4F-8B2DBBCC37EF} = {A5275F49-9967-4558-96C2-3BB7424B8F80}
		{E172264C-7EFF-4393-839C-D0527B1334F3} = {A5275F49-9967-4558-96C2-3BB7424B8F80}
		{039FDF30-880F-47AF-B09B-CB3D7A8FC879} = {A5275F49-9967-4558-96C2-3BB7424B8F80}
		{D4FD77DC-6C60-4DCA-87DC-B8A532B1AE37} = {A5275F49-9967-4558-96C2-3BB7424B8F80}
		{A8C0F1E4-4F0F-4FF0-A53F-C3B736FCAC48} = {A5275F49-9967-4558-96C2-3BB7424B8F80}
		{D964B6A0-81D2-448D-8008-ACFCCB7DB171} = {A5275F49-9967-4558-96C2-3BB7424B8F80}
		{F6FA1335-3AA0-4568-B1E3-143D40141EFF} = {A5275F49-9967-4558-96C2-3BB7424B8F80}
		{83FD2ADF-9636-4D51-856A-E367ED6E71E8} = {A5275F49-9967-4558-96C2-3BB7424B8F80}
		{DF2114FF-6B78-4B5B-87AD-125E73F4412F} = {A5275F49-9967-4558-96C2-3BB7424B8F80}
		{7520C0B4-699D-4859-9FAD-36A00E85873F} = {A5275F49-9967-4558-96C2-3BB7424B8F80}
		{79E550FF-F547-44A8-BDAC-3D27028C30C3} = {A5275F49-9967-4558-96C2-3BB7424B8F80}
		{11B150A4-F8B0-4F8F-A4E5-71EC4A9BABC1} = {A5275F49-9967-4558-96C2-3BB7424B8F80}
		{A8AF8E2A-63F5-4A94-A252-B5E828BEB1C8} = {A5275F49-9967-4558-96C2-3BB7424B8F80}
		{8E60AA39-6A5B-4F27-B237-5A9AC2D22445} = {A5275F49-9967-4558-96C2-3BB7424B8F80}
		{43E53BAD-C614-40DC-B978-8DAFF7F212EE} = {A5275F49-9967-4558-96C2-3BB7424B8F80}
		{88CAD6C0-DA67-4E13-B955-3D1EB80A612D} = {A5275F49-9967-4558-96C2-3BB7424B8F80}
		{711E0BAC-1FB9-46B3-8F51-73BEABD7BE9C} = {A5275F49-9967-4558-96C2-3BB7424B8F80}
		{DF8747DB-932A-4383-9B5C-F56F06D29702} = {A5275F49-9967-4558-96C2-3BB7424B8F80}
		{36C6B352-92D2-45CA-81C0-DC3D8849BDDA} = {A5275F49-9967-4558-96C2-3BB7424B8F80}
		{5A751991-55E4-4311-8CF3-BA67D6BB4376} = {A5275F49-9967-4558-96C2-3BB7424B8F80}
		{5963FF2E-5508-41B2-8B62-712C9C56D31C} = {A5275F49-9967-4558-96C2-3BB7424B8F80}
		{5A3B92DF-D75F-4372-8D2D-A27BC2D4192E} = {A5275F49-9967-4558-96C2-3BB7424B8F80}
		{345B21F2-9111-48BE-88FB-F2B2E24A8496} = {A5275F49-9967-4558-96C2-3BB7424B8F80}
		{B0DAA74B-11E3-4BD1-BC8D-5A06B34F1844} = {A5275F49-9967-4558-96C2-3BB7424B8F80}
		{7E0C1595-9F70-460C-A68F-AF71DA1F90B6} = {A5275F49-9967-4558-96C2-3BB7424B8F80}
		{D9F74BFE-28B5-4BAA-B30D-FB30F129CA1D} = {A5275F49-9967-4558-96C2-3BB7424B8F80}
		{304BB045-46F9-47A6-8308-F4807C6CF73A} = {A5275F49-9967-4558-96C2-3BB7424B8F80}
		{A9D65D19-4E2C-41C9-9D98-F10A689CB21F} = {A5275F49-9967-4558-96C2-3BB7424B8F80}
		{0B183006-CA5A-4ED7-A7CB-CD48C8079766} = {A5275F49-9967-4558-96C2-3BB7424B8F80}
		{452ABF74-4AD2-44A9-85DB-B3C3600723BE} = {A5275F49-9967-4558-96C2-3BB7424B8F80}
		{CA3AEDFD-EC7C-4E78-8C58-AD1DD0C3F97A} = {A5275F49-9967-4558-96C2-3BB7424B8F80}
		{8AA3B6F3-AC15-4049-8F2F-BD2758509D27} = {A5275F49-9967-4558-96C2-3BB7424B8F80}
		{7E0729B6-163E-4267-A854-8EF1FC99A82D} = {A5275F49-9967-4558-96C2-3BB7424B8F80}
		{4A42858A-E998-4C86-AA07-B0EC10EB398A} = {A5275F49-9967-4558-96C2-3BB7424B8F80}
		{B511B475-3146-4C89-A1FF-69CF5B226269} = {A5275F49-9967-4558-96C2-3BB7424B8F80}
		{1CA31BC5-2B10-4457-BA94-021C65BC1528} = {A5275F49-9967-4558-96C2-3BB7424B8F80}
		{6FA42718-8B00-45F5-B647-223ED6B493EF} = {A5275F49-9967-4558-96C2-3BB7424B8F80}
	EndGlobalSection
EndGlobal
